// !$*UTF8*$!
{
	archiveVersion = 1;
	classes = {
	};
	objectVersion = 56;
	objects = {

/* Begin PBXBuildFile section */
		7D56412B7622227EB0941AAF /* Pods_SB_AnimationApp.framework in Frameworks */ = {isa = PBXBuildFile; fileRef = 9DB53266DB347DFCBCE8610D /* Pods_SB_AnimationApp.framework */; };
		DD34CCE329B4AD1A0086AE0F /* AppDelegate.swift in Sources */ = {isa = PBXBuildFile; fileRef = DD34CCE229B4AD1A0086AE0F /* AppDelegate.swift */; };
		DD34CCE529B4AD1A0086AE0F /* SceneDelegate.swift in Sources */ = {isa = PBXBuildFile; fileRef = DD34CCE429B4AD1A0086AE0F /* SceneDelegate.swift */; };
		DD34CCE729B4AD1A0086AE0F /* ViewController.swift in Sources */ = {isa = PBXBuildFile; fileRef = DD34CCE629B4AD1A0086AE0F /* ViewController.swift */; };
		DD34CCEA29B4AD1A0086AE0F /* Main.storyboard in Resources */ = {isa = PBXBuildFile; fileRef = DD34CCE829B4AD1A0086AE0F /* Main.storyboard */; };
		DD34CCEC29B4AD1D0086AE0F /* Assets.xcassets in Resources */ = {isa = PBXBuildFile; fileRef = DD34CCEB29B4AD1D0086AE0F /* Assets.xcassets */; };
		DD34CCEF29B4AD1D0086AE0F /* LaunchScreen.storyboard in Resources */ = {isa = PBXBuildFile; fileRef = DD34CCED29B4AD1D0086AE0F /* LaunchScreen.storyboard */; };
		DD34CCF729B4B2110086AE0F /* Extension + UIButton.swift in Sources */ = {isa = PBXBuildFile; fileRef = DD34CCF629B4B2110086AE0F /* Extension + UIButton.swift */; };
/* End PBXBuildFile section */

/* Begin PBXFileReference section */
		9844B96E58025D05978B5FBE /* Pods-SB AnimationApp.release.xcconfig */ = {isa = PBXFileReference; includeInIndex = 1; lastKnownFileType = text.xcconfig; name = "Pods-SB AnimationApp.release.xcconfig"; path = "Target Support Files/Pods-SB AnimationApp/Pods-SB AnimationApp.release.xcconfig"; sourceTree = "<group>"; };
		9DB53266DB347DFCBCE8610D /* Pods_SB_AnimationApp.framework */ = {isa = PBXFileReference; explicitFileType = wrapper.framework; includeInIndex = 0; path = Pods_SB_AnimationApp.framework; sourceTree = BUILT_PRODUCTS_DIR; };
		DD34CCDF29B4AD1A0086AE0F /* SB AnimationApp.app */ = {isa = PBXFileReference; explicitFileType = wrapper.application; includeInIndex = 0; path = "SB AnimationApp.app"; sourceTree = BUILT_PRODUCTS_DIR; };
		DD34CCE229B4AD1A0086AE0F /* AppDelegate.swift */ = {isa = PBXFileReference; lastKnownFileType = sourcecode.swift; path = AppDelegate.swift; sourceTree = "<group>"; };
		DD34CCE429B4AD1A0086AE0F /* SceneDelegate.swift */ = {isa = PBXFileReference; lastKnownFileType = sourcecode.swift; path = SceneDelegate.swift; sourceTree = "<group>"; };
		DD34CCE629B4AD1A0086AE0F /* ViewController.swift */ = {isa = PBXFileReference; lastKnownFileType = sourcecode.swift; path = ViewController.swift; sourceTree = "<group>"; };
		DD34CCE929B4AD1A0086AE0F /* Base */ = {isa = PBXFileReference; lastKnownFileType = file.storyboard; name = Base; path = Base.lproj/Main.storyboard; sourceTree = "<group>"; };
		DD34CCEB29B4AD1D0086AE0F /* Assets.xcassets */ = {isa = PBXFileReference; lastKnownFileType = folder.assetcatalog; path = Assets.xcassets; sourceTree = "<group>"; };
		DD34CCEE29B4AD1D0086AE0F /* Base */ = {isa = PBXFileReference; lastKnownFileType = file.storyboard; name = Base; path = Base.lproj/LaunchScreen.storyboard; sourceTree = "<group>"; };
		DD34CCF029B4AD1D0086AE0F /* Info.plist */ = {isa = PBXFileReference; lastKnownFileType = text.plist.xml; path = Info.plist; sourceTree = "<group>"; };
		DD34CCF629B4B2110086AE0F /* Extension + UIButton.swift */ = {isa = PBXFileReference; lastKnownFileType = sourcecode.swift; path = "Extension + UIButton.swift"; sourceTree = "<group>"; };
		E0B9FE18E0A0652FA654A59C /* Pods-SB AnimationApp.debug.xcconfig */ = {isa = PBXFileReference; includeInIndex = 1; lastKnownFileType = text.xcconfig; name = "Pods-SB AnimationApp.debug.xcconfig"; path = "Target Support Files/Pods-SB AnimationApp/Pods-SB AnimationApp.debug.xcconfig"; sourceTree = "<group>"; };
/* End PBXFileReference section */

/* Begin PBXFrameworksBuildPhase section */
		DD34CCDC29B4AD1A0086AE0F /* Frameworks */ = {
			isa = PBXFrameworksBuildPhase;
			buildActionMask = 2147483647;
			files = (
				7D56412B7622227EB0941AAF /* Pods_SB_AnimationApp.framework in Frameworks */,
			);
			runOnlyForDeploymentPostprocessing = 0;
		};
/* End PBXFrameworksBuildPhase section */

/* Begin PBXGroup section */
		9EDA9D4D07AA2E8B13C313EF /* Frameworks */ = {
			isa = PBXGroup;
			children = (
				9DB53266DB347DFCBCE8610D /* Pods_SB_AnimationApp.framework */,
			);
			name = Frameworks;
			sourceTree = "<group>";
		};
		DD34CCD629B4AD190086AE0F = {
			isa = PBXGroup;
			children = (
				DD34CCE129B4AD1A0086AE0F /* SB AnimationApp */,
				DD34CCE029B4AD1A0086AE0F /* Products */,
				E5D89405D391101446D0170D /* Pods */,
				9EDA9D4D07AA2E8B13C313EF /* Frameworks */,
			);
			sourceTree = "<group>";
		};
		DD34CCE029B4AD1A0086AE0F /* Products */ = {
			isa = PBXGroup;
			children = (
				DD34CCDF29B4AD1A0086AE0F /* SB AnimationApp.app */,
			);
			name = Products;
			sourceTree = "<group>";
		};
		DD34CCE129B4AD1A0086AE0F /* SB AnimationApp */ = {
			isa = PBXGroup;
			children = (
				DD34CCE229B4AD1A0086AE0F /* AppDelegate.swift */,
				DD34CCF629B4B2110086AE0F /* Extension + UIButton.swift */,
				DD34CCE429B4AD1A0086AE0F /* SceneDelegate.swift */,
				DD34CCE629B4AD1A0086AE0F /* ViewController.swift */,
				DD34CCE829B4AD1A0086AE0F /* Main.storyboard */,
				DD34CCEB29B4AD1D0086AE0F /* Assets.xcassets */,
				DD34CCED29B4AD1D0086AE0F /* LaunchScreen.storyboard */,
				DD34CCF029B4AD1D0086AE0F /* Info.plist */,
			);
			path = "SB AnimationApp";
			sourceTree = "<group>";
		};
		E5D89405D391101446D0170D /* Pods */ = {
			isa = PBXGroup;
			children = (
				E0B9FE18E0A0652FA654A59C /* Pods-SB AnimationApp.debug.xcconfig */,
				9844B96E58025D05978B5FBE /* Pods-SB AnimationApp.release.xcconfig */,
			);
			name = Pods;
			path = Pods;
			sourceTree = "<group>";
		};
/* End PBXGroup section */

/* Begin PBXNativeTarget section */
		DD34CCDE29B4AD1A0086AE0F /* SB AnimationApp */ = {
			isa = PBXNativeTarget;
			buildConfigurationList = DD34CCF329B4AD1D0086AE0F /* Build configuration list for PBXNativeTarget "SB AnimationApp" */;
			buildPhases = (
				2A2CD9A9BB6E3460DC015ED8 /* [CP] Check Pods Manifest.lock */,
				DD34CCDB29B4AD1A0086AE0F /* Sources */,
				DD34CCDC29B4AD1A0086AE0F /* Frameworks */,
				DD34CCDD29B4AD1A0086AE0F /* Resources */,
				E707460FF651EC7F2940B57F /* [CP] Embed Pods Frameworks */,
			);
			buildRules = (
			);
			dependencies = (
			);
			name = "SB AnimationApp";
			productName = "SB AnimationApp";
			productReference = DD34CCDF29B4AD1A0086AE0F /* SB AnimationApp.app */;
			productType = "com.apple.product-type.application";
		};
/* End PBXNativeTarget section */

/* Begin PBXProject section */
		DD34CCD729B4AD190086AE0F /* Project object */ = {
			isa = PBXProject;
			attributes = {
				BuildIndependentTargetsInParallel = 1;
				LastSwiftUpdateCheck = 1420;
				LastUpgradeCheck = 1420;
				TargetAttributes = {
					DD34CCDE29B4AD1A0086AE0F = {
						CreatedOnToolsVersion = 14.2;
					};
				};
			};
			buildConfigurationList = DD34CCDA29B4AD190086AE0F /* Build configuration list for PBXProject "SB AnimationApp" */;
			compatibilityVersion = "Xcode 14.0";
			developmentRegion = en;
			hasScannedForEncodings = 0;
			knownRegions = (
				en,
				Base,
			);
			mainGroup = DD34CCD629B4AD190086AE0F;
			productRefGroup = DD34CCE029B4AD1A0086AE0F /* Products */;
			projectDirPath = "";
			projectRoot = "";
			targets = (
				DD34CCDE29B4AD1A0086AE0F /* SB AnimationApp */,
			);
		};
/* End PBXProject section */

/* Begin PBXResourcesBuildPhase section */
		DD34CCDD29B4AD1A0086AE0F /* Resources */ = {
			isa = PBXResourcesBuildPhase;
			buildActionMask = 2147483647;
			files = (
				DD34CCEF29B4AD1D0086AE0F /* LaunchScreen.storyboard in Resources */,
				DD34CCEC29B4AD1D0086AE0F /* Assets.xcassets in Resources */,
				DD34CCEA29B4AD1A0086AE0F /* Main.storyboard in Resources */,
			);
			runOnlyForDeploymentPostprocessing = 0;
		};
/* End PBXResourcesBuildPhase section */

/* Begin PBXShellScriptBuildPhase section */
		2A2CD9A9BB6E3460DC015ED8 /* [CP] Check Pods Manifest.lock */ = {
			isa = PBXShellScriptBuildPhase;
			buildActionMask = 2147483647;
			files = (
			);
			inputFileListPaths = (
			);
			inputPaths = (
				"${PODS_PODFILE_DIR_PATH}/Podfile.lock",
				"${PODS_ROOT}/Manifest.lock",
			);
			name = "[CP] Check Pods Manifest.lock";
			outputFileListPaths = (
			);
			outputPaths = (
				"$(DERIVED_FILE_DIR)/Pods-SB AnimationApp-checkManifestLockResult.txt",
			);
			runOnlyForDeploymentPostprocessing = 0;
			shellPath = /bin/sh;
			shellScript = "diff \"${PODS_PODFILE_DIR_PATH}/Podfile.lock\" \"${PODS_ROOT}/Manifest.lock\" > /dev/null\nif [ $? != 0 ] ; then\n    # print error to STDERR\n    echo \"error: The sandbox is not in sync with the Podfile.lock. Run 'pod install' or update your CocoaPods installation.\" >&2\n    exit 1\nfi\n# This output is used by Xcode 'outputs' to avoid re-running this script phase.\necho \"SUCCESS\" > \"${SCRIPT_OUTPUT_FILE_0}\"\n";
			showEnvVarsInLog = 0;
		};
		E707460FF651EC7F2940B57F /* [CP] Embed Pods Frameworks */ = {
			isa = PBXShellScriptBuildPhase;
			buildActionMask = 2147483647;
			files = (
			);
			inputFileListPaths = (
				"${PODS_ROOT}/Target Support Files/Pods-SB AnimationApp/Pods-SB AnimationApp-frameworks-${CONFIGURATION}-input-files.xcfilelist",
			);
			name = "[CP] Embed Pods Frameworks";
			outputFileListPaths = (
				"${PODS_ROOT}/Target Support Files/Pods-SB AnimationApp/Pods-SB AnimationApp-frameworks-${CONFIGURATION}-output-files.xcfilelist",
			);
			runOnlyForDeploymentPostprocessing = 0;
			shellPath = /bin/sh;
			shellScript = "\"${PODS_ROOT}/Target Support Files/Pods-SB AnimationApp/Pods-SB AnimationApp-frameworks.sh\"\n";
			showEnvVarsInLog = 0;
		};
/* End PBXShellScriptBuildPhase section */

/* Begin PBXSourcesBuildPhase section */
		DD34CCDB29B4AD1A0086AE0F /* Sources */ = {
			isa = PBXSourcesBuildPhase;
			buildActionMask = 2147483647;
			files = (
				DD34CCE729B4AD1A0086AE0F /* ViewController.swift in Sources */,
				DD34CCE329B4AD1A0086AE0F /* AppDelegate.swift in Sources */,
				DD34CCE529B4AD1A0086AE0F /* SceneDelegate.swift in Sources */,
				DD34CCF729B4B2110086AE0F /* Extension + UIButton.swift in Sources */,
			);
			runOnlyForDeploymentPostprocessing = 0;
		};
/* End PBXSourcesBuildPhase section */

/* Begin PBXVariantGroup section */
		DD34CCE829B4AD1A0086AE0F /* Main.storyboard */ = {
			isa = PBXVariantGroup;
			children = (
				DD34CCE929B4AD1A0086AE0F /* Base */,
			);
			name = Main.storyboard;
			sourceTree = "<group>";
		};
		DD34CCED29B4AD1D0086AE0F /* LaunchScreen.storyboard */ = {
			isa = PBXVariantGroup;
			children = (
				DD34CCEE29B4AD1D0086AE0F /* Base */,
			);
			name = LaunchScreen.storyboard;
			sourceTree = "<group>";
		};
/* End PBXVariantGroup section */

/* Begin XCBuildConfiguration section */
		DD34CCF129B4AD1D0086AE0F /* Debug */ = {
			isa = XCBuildConfiguration;
			buildSettings = {
				ALWAYS_SEARCH_USER_PATHS = NO;
				CLANG_ANALYZER_NONNULL = YES;
				CLANG_ANALYZER_NUMBER_OBJECT_CONVERSION = YES_AGGRESSIVE;
				CLANG_CXX_LANGUAGE_STANDARD = "gnu++20";
				CLANG_ENABLE_MODULES = YES;
				CLANG_ENABLE_OBJC_ARC = YES;
				CLANG_ENABLE_OBJC_WEAK = YES;
				CLANG_WARN_BLOCK_CAPTURE_AUTORELEASING = YES;
				CLANG_WARN_BOOL_CONVERSION = YES;
				CLANG_WARN_COMMA = YES;
				CLANG_WARN_CONSTANT_CONVERSION = YES;
				CLANG_WARN_DEPRECATED_OBJC_IMPLEMENTATIONS = YES;
				CLANG_WARN_DIRECT_OBJC_ISA_USAGE = YES_ERROR;
				CLANG_WARN_DOCUMENTATION_COMMENTS = YES;
				CLANG_WARN_EMPTY_BODY = YES;
				CLANG_WARN_ENUM_CONVERSION = YES;
				CLANG_WARN_INFINITE_RECURSION = YES;
				CLANG_WARN_INT_CONVERSION = YES;
				CLANG_WARN_NON_LITERAL_NULL_CONVERSION = YES;
				CLANG_WARN_OBJC_IMPLICIT_RETAIN_SELF = YES;
				CLANG_WARN_OBJC_LITERAL_CONVERSION = YES;
				CLANG_WARN_OBJC_ROOT_CLASS = YES_ERROR;
				CLANG_WARN_QUOTED_INCLUDE_IN_FRAMEWORK_HEADER = YES;
				CLANG_WARN_RANGE_LOOP_ANALYSIS = YES;
				CLANG_WARN_STRICT_PROTOTYPES = YES;
				CLANG_WARN_SUSPICIOUS_MOVE = YES;
				CLANG_WARN_UNGUARDED_AVAILABILITY = YES_AGGRESSIVE;
				CLANG_WARN_UNREACHABLE_CODE = YES;
				CLANG_WARN__DUPLICATE_METHOD_MATCH = YES;
				COPY_PHASE_STRIP = NO;
				DEBUG_INFORMATION_FORMAT = dwarf;
				ENABLE_STRICT_OBJC_MSGSEND = YES;
				ENABLE_TESTABILITY = YES;
				GCC_C_LANGUAGE_STANDARD = gnu11;
				GCC_DYNAMIC_NO_PIC = NO;
				GCC_NO_COMMON_BLOCKS = YES;
				GCC_OPTIMIZATION_LEVEL = 0;
				GCC_PREPROCESSOR_DEFINITIONS = (
					"DEBUG=1",
					"$(inherited)",
				);
				GCC_WARN_64_TO_32_BIT_CONVERSION = YES;
				GCC_WARN_ABOUT_RETURN_TYPE = YES_ERROR;
				GCC_WARN_UNDECLARED_SELECTOR = YES;
				GCC_WARN_UNINITIALIZED_AUTOS = YES_AGGRESSIVE;
				GCC_WARN_UNUSED_FUNCTION = YES;
				GCC_WARN_UNUSED_VARIABLE = YES;
				IPHONEOS_DEPLOYMENT_TARGET = 16.2;
				MTL_ENABLE_DEBUG_INFO = INCLUDE_SOURCE;
				MTL_FAST_MATH = YES;
				ONLY_ACTIVE_ARCH = YES;
				SDKROOT = iphoneos;
				SWIFT_ACTIVE_COMPILATION_CONDITIONS = DEBUG;
				SWIFT_OPTIMIZATION_LEVEL = "-Onone";
			};
			name = Debug;
		};
		DD34CCF229B4AD1D0086AE0F /* Release */ = {
			isa = XCBuildConfiguration;
			buildSettings = {
				ALWAYS_SEARCH_USER_PATHS = NO;
				CLANG_ANALYZER_NONNULL = YES;
				CLANG_ANALYZER_NUMBER_OBJECT_CONVERSION = YES_AGGRESSIVE;
				CLANG_CXX_LANGUAGE_STANDARD = "gnu++20";
				CLANG_ENABLE_MODULES = YES;
				CLANG_ENABLE_OBJC_ARC = YES;
				CLANG_ENABLE_OBJC_WEAK = YES;
				CLANG_WARN_BLOCK_CAPTURE_AUTORELEASING = YES;
				CLANG_WARN_BOOL_CONVERSION = YES;
				CLANG_WARN_COMMA = YES;
				CLANG_WARN_CONSTANT_CONVERSION = YES;
				CLANG_WARN_DEPRECATED_OBJC_IMPLEMENTATIONS = YES;
				CLANG_WARN_DIRECT_OBJC_ISA_USAGE = YES_ERROR;
				CLANG_WARN_DOCUMENTATION_COMMENTS = YES;
				CLANG_WARN_EMPTY_BODY = YES;
				CLANG_WARN_ENUM_CONVERSION = YES;
				CLANG_WARN_INFINITE_RECURSION = YES;
				CLANG_WARN_INT_CONVERSION = YES;
				CLANG_WARN_NON_LITERAL_NULL_CONVERSION = YES;
				CLANG_WARN_OBJC_IMPLICIT_RETAIN_SELF = YES;
				CLANG_WARN_OBJC_LITERAL_CONVERSION = YES;
				CLANG_WARN_OBJC_ROOT_CLASS = YES_ERROR;
				CLANG_WARN_QUOTED_INCLUDE_IN_FRAMEWORK_HEADER = YES;
				CLANG_WARN_RANGE_LOOP_ANALYSIS = YES;
				CLANG_WARN_STRICT_PROTOTYPES = YES;
				CLANG_WARN_SUSPICIOUS_MOVE = YES;
				CLANG_WARN_UNGUARDED_AVAILABILITY = YES_AGGRESSIVE;
				CLANG_WARN_UNREACHABLE_CODE = YES;
				CLANG_WARN__DUPLICATE_METHOD_MATCH = YES;
				COPY_PHASE_STRIP = NO;
				DEBUG_INFORMATION_FORMAT = "dwarf-with-dsym";
				ENABLE_NS_ASSERTIONS = NO;
				ENABLE_STRICT_OBJC_MSGSEND = YES;
				GCC_C_LANGUAGE_STANDARD = gnu11;
				GCC_NO_COMMON_BLOCKS = YES;
				GCC_WARN_64_TO_32_BIT_CONVERSION = YES;
				GCC_WARN_ABOUT_RETURN_TYPE = YES_ERROR;
				GCC_WARN_UNDECLARED_SELECTOR = YES;
				GCC_WARN_UNINITIALIZED_AUTOS = YES_AGGRESSIVE;
				GCC_WARN_UNUSED_FUNCTION = YES;
				GCC_WARN_UNUSED_VARIABLE = YES;
				IPHONEOS_DEPLOYMENT_TARGET = 16.2;
				MTL_ENABLE_DEBUG_INFO = NO;
				MTL_FAST_MATH = YES;
				SDKROOT = iphoneos;
				SWIFT_COMPILATION_MODE = wholemodule;
				SWIFT_OPTIMIZATION_LEVEL = "-O";
				VALIDATE_PRODUCT = YES;
			};
			name = Release;
		};
		DD34CCF429B4AD1D0086AE0F /* Debug */ = {
			isa = XCBuildConfiguration;
			baseConfigurationReference = E0B9FE18E0A0652FA654A59C /* Pods-SB AnimationApp.debug.xcconfig */;
			buildSettings = {
				ASSETCATALOG_COMPILER_APPICON_NAME = AppIcon;
				ASSETCATALOG_COMPILER_GLOBAL_ACCENT_COLOR_NAME = AccentColor;
				CODE_SIGN_STYLE = Automatic;
				CURRENT_PROJECT_VERSION = 1;
				DEVELOPMENT_TEAM = 7YW3V66545;
				GENERATE_INFOPLIST_FILE = YES;
				INFOPLIST_FILE = "SB AnimationApp/Info.plist";
				INFOPLIST_KEY_UIApplicationSupportsIndirectInputEvents = YES;
				INFOPLIST_KEY_UILaunchStoryboardName = LaunchScreen;
				INFOPLIST_KEY_UIMainStoryboardFile = Main;
				INFOPLIST_KEY_UISupportedInterfaceOrientations_iPad = "UIInterfaceOrientationPortrait UIInterfaceOrientationPortraitUpsideDown UIInterfaceOrientationLandscapeLeft UIInterfaceOrientationLandscapeRight";
				INFOPLIST_KEY_UISupportedInterfaceOrientations_iPhone = "UIInterfaceOrientationPortrait UIInterfaceOrientationLandscapeLeft UIInterfaceOrientationLandscapeRight";
				LD_RUNPATH_SEARCH_PATHS = (
					"$(inherited)",
					"@executable_path/Frameworks",
				);
				MARKETING_VERSION = 1.0;
				PRODUCT_BUNDLE_IDENTIFIER = "HieroniusTeam.SB-AnimationApp";
				PRODUCT_NAME = "$(TARGET_NAME)";
				SWIFT_EMIT_LOC_STRINGS = YES;
				SWIFT_VERSION = 5.0;
				TARGETED_DEVICE_FAMILY = "1,2";
			};
			name = Debug;
		};
		DD34CCF529B4AD1D0086AE0F /* Release */ = {
			isa = XCBuildConfiguration;
			baseConfigurationReference = 9844B96E58025D05978B5FBE /* Pods-SB AnimationApp.release.xcconfig */;
			buildSettings = {
				ASSETCATALOG_COMPILER_APPICON_NAME = AppIcon;
				ASSETCATALOG_COMPILER_GLOBAL_ACCENT_COLOR_NAME = AccentColor;
				CODE_SIGN_STYLE = Automatic;
				CURRENT_PROJECT_VERSION = 1;
				DEVELOPMENT_TEAM = 7YW3V66545;
				GENERATE_INFOPLIST_FILE = YES;
				INFOPLIST_FILE = "SB AnimationApp/Info.plist";
				INFOPLIST_KEY_UIApplicationSupportsIndirectInputEvents = YES;
				INFOPLIST_KEY_UILaunchStoryboardName = LaunchScreen;
				INFOPLIST_KEY_UIMainStoryboardFile = Main;
				INFOPLIST_KEY_UISupportedInterfaceOrientations_iPad = "UIInterfaceOrientationPortrait UIInterfaceOrientationPortraitUpsideDown UIInterfaceOrientationLandscapeLeft UIInterfaceOrientationLandscapeRight";
				INFOPLIST_KEY_UISupportedInterfaceOrientations_iPhone = "UIInterfaceOrientationPortrait UIInterfaceOrientationLandscapeLeft UIInterfaceOrientationLandscapeRight";
				LD_RUNPATH_SEARCH_PATHS = (
					"$(inherited)",
					"@executable_path/Frameworks",
				);
				MARKETING_VERSION = 1.0;
				PRODUCT_BUNDLE_IDENTIFIER = "HieroniusTeam.SB-AnimationApp";
				PRODUCT_NAME = "$(TARGET_NAME)";
				SWIFT_EMIT_LOC_STRINGS = YES;
				SWIFT_VERSION = 5.0;
				TARGETED_DEVICE_FAMILY = "1,2";
			};
			name = Release;
		};
/* End XCBuildConfiguration section */

/* Begin XCConfigurationList section */
		DD34CCDA29B4AD190086AE0F /* Build configuration list for PBXProject "SB AnimationApp" */ = {
			isa = XCConfigurationList;
			buildConfigurations = (
				DD34CCF129B4AD1D0086AE0F /* Debug */,
				DD34CCF229B4AD1D0086AE0F /* Release */,
			);
			defaultConfigurationIsVisible = 0;
			defaultConfigurationName = Release;
		};
		DD34CCF329B4AD1D0086AE0F /* Build configuration list for PBXNativeTarget "SB AnimationApp" */ = {
			isa = XCConfigurationList;
			buildConfigurations = (
				DD34CCF429B4AD1D0086AE0F /* Debug */,
				DD34CCF529B4AD1D0086AE0F /* Release */,
			);
			defaultConfigurationIsVisible = 0;
			defaultConfigurationName = Release;
		};
/* End XCConfigurationList section */
	};
	rootObject = DD34CCD729B4AD190086AE0F /* Project object */;
}
