// !$*UTF8*$!
{
	archiveVersion = 1;
	classes = {
	};
	objectVersion = 56;
	objects = {

/* Begin PBXBuildFile section */
		5F7580E6CD7A56939BAEE983 /* Pods_SB_SpringApp.framework in Frameworks */ = {isa = PBXBuildFile; fileRef = 03257EF582821FD9230703E1 /* Pods_SB_SpringApp.framework */; };
		DD34CD0529B4CC9C0086AE0F /* AppDelegate.swift in Sources */ = {isa = PBXBuildFile; fileRef = DD34CD0429B4CC9C0086AE0F /* AppDelegate.swift */; };
		DD34CD0729B4CC9C0086AE0F /* SceneDelegate.swift in Sources */ = {isa = PBXBuildFile; fileRef = DD34CD0629B4CC9C0086AE0F /* SceneDelegate.swift */; };
		DD34CD0929B4CC9C0086AE0F /* ViewController.swift in Sources */ = {isa = PBXBuildFile; fileRef = DD34CD0829B4CC9C0086AE0F /* ViewController.swift */; };
		DD34CD0C29B4CC9C0086AE0F /* Main.storyboard in Resources */ = {isa = PBXBuildFile; fileRef = DD34CD0A29B4CC9C0086AE0F /* Main.storyboard */; };
		DD34CD0E29B4CC9E0086AE0F /* Assets.xcassets in Resources */ = {isa = PBXBuildFile; fileRef = DD34CD0D29B4CC9E0086AE0F /* Assets.xcassets */; };
		DD34CD1129B4CC9E0086AE0F /* LaunchScreen.storyboard in Resources */ = {isa = PBXBuildFile; fileRef = DD34CD0F29B4CC9E0086AE0F /* LaunchScreen.storyboard */; };
/* End PBXBuildFile section */

/* Begin PBXFileReference section */
		03257EF582821FD9230703E1 /* Pods_SB_SpringApp.framework */ = {isa = PBXFileReference; explicitFileType = wrapper.framework; includeInIndex = 0; path = Pods_SB_SpringApp.framework; sourceTree = BUILT_PRODUCTS_DIR; };
		0D4734DCB54E9FA389A65270 /* Pods-SB SpringApp.release.xcconfig */ = {isa = PBXFileReference; includeInIndex = 1; lastKnownFileType = text.xcconfig; name = "Pods-SB SpringApp.release.xcconfig"; path = "Target Support Files/Pods-SB SpringApp/Pods-SB SpringApp.release.xcconfig"; sourceTree = "<group>"; };
		4A90D07A0DCF9538CD1EC77B /* Pods-SB SpringApp.debug.xcconfig */ = {isa = PBXFileReference; includeInIndex = 1; lastKnownFileType = text.xcconfig; name = "Pods-SB SpringApp.debug.xcconfig"; path = "Target Support Files/Pods-SB SpringApp/Pods-SB SpringApp.debug.xcconfig"; sourceTree = "<group>"; };
		DD34CD0129B4CC9C0086AE0F /* SB SpringApp.app */ = {isa = PBXFileReference; explicitFileType = wrapper.application; includeInIndex = 0; path = "SB SpringApp.app"; sourceTree = BUILT_PRODUCTS_DIR; };
		DD34CD0429B4CC9C0086AE0F /* AppDelegate.swift */ = {isa = PBXFileReference; lastKnownFileType = sourcecode.swift; path = AppDelegate.swift; sourceTree = "<group>"; };
		DD34CD0629B4CC9C0086AE0F /* SceneDelegate.swift */ = {isa = PBXFileReference; lastKnownFileType = sourcecode.swift; path = SceneDelegate.swift; sourceTree = "<group>"; };
		DD34CD0829B4CC9C0086AE0F /* ViewController.swift */ = {isa = PBXFileReference; lastKnownFileType = sourcecode.swift; path = ViewController.swift; sourceTree = "<group>"; };
		DD34CD0B29B4CC9C0086AE0F /* Base */ = {isa = PBXFileReference; lastKnownFileType = file.storyboard; name = Base; path = Base.lproj/Main.storyboard; sourceTree = "<group>"; };
		DD34CD0D29B4CC9E0086AE0F /* Assets.xcassets */ = {isa = PBXFileReference; lastKnownFileType = folder.assetcatalog; path = Assets.xcassets; sourceTree = "<group>"; };
		DD34CD1029B4CC9E0086AE0F /* Base */ = {isa = PBXFileReference; lastKnownFileType = file.storyboard; name = Base; path = Base.lproj/LaunchScreen.storyboard; sourceTree = "<group>"; };
		DD34CD1229B4CC9E0086AE0F /* Info.plist */ = {isa = PBXFileReference; lastKnownFileType = text.plist.xml; path = Info.plist; sourceTree = "<group>"; };
/* End PBXFileReference section */

/* Begin PBXFrameworksBuildPhase section */
		DD34CCFE29B4CC9C0086AE0F /* Frameworks */ = {
			isa = PBXFrameworksBuildPhase;
			buildActionMask = 2147483647;
			files = (
				5F7580E6CD7A56939BAEE983 /* Pods_SB_SpringApp.framework in Frameworks */,
			);
			runOnlyForDeploymentPostprocessing = 0;
		};
/* End PBXFrameworksBuildPhase section */

/* Begin PBXGroup section */
		41FF0B9E92694569AA6FC739 /* Frameworks */ = {
			isa = PBXGroup;
			children = (
				03257EF582821FD9230703E1 /* Pods_SB_SpringApp.framework */,
			);
			name = Frameworks;
			sourceTree = "<group>";
		};
		DD34CCF829B4CC9C0086AE0F = {
			isa = PBXGroup;
			children = (
				DD34CD0329B4CC9C0086AE0F /* SB SpringApp */,
				DD34CD0229B4CC9C0086AE0F /* Products */,
				F591832CD2ED3E01028D4198 /* Pods */,
				41FF0B9E92694569AA6FC739 /* Frameworks */,
			);
			sourceTree = "<group>";
		};
		DD34CD0229B4CC9C0086AE0F /* Products */ = {
			isa = PBXGroup;
			children = (
				DD34CD0129B4CC9C0086AE0F /* SB SpringApp.app */,
			);
			name = Products;
			sourceTree = "<group>";
		};
		DD34CD0329B4CC9C0086AE0F /* SB SpringApp */ = {
			isa = PBXGroup;
			children = (
				DD34CD0429B4CC9C0086AE0F /* AppDelegate.swift */,
				DD34CD0629B4CC9C0086AE0F /* SceneDelegate.swift */,
				DD34CD0829B4CC9C0086AE0F /* ViewController.swift */,
				DD34CD0A29B4CC9C0086AE0F /* Main.storyboard */,
				DD34CD0D29B4CC9E0086AE0F /* Assets.xcassets */,
				DD34CD0F29B4CC9E0086AE0F /* LaunchScreen.storyboard */,
				DD34CD1229B4CC9E0086AE0F /* Info.plist */,
			);
			path = "SB SpringApp";
			sourceTree = "<group>";
		};
		F591832CD2ED3E01028D4198 /* Pods */ = {
			isa = PBXGroup;
			children = (
				4A90D07A0DCF9538CD1EC77B /* Pods-SB SpringApp.debug.xcconfig */,
				0D4734DCB54E9FA389A65270 /* Pods-SB SpringApp.release.xcconfig */,
			);
			name = Pods;
			path = Pods;
			sourceTree = "<group>";
		};
/* End PBXGroup section */

/* Begin PBXNativeTarget section */
		DD34CD0029B4CC9C0086AE0F /* SB SpringApp */ = {
			isa = PBXNativeTarget;
			buildConfigurationList = DD34CD1529B4CC9E0086AE0F /* Build configuration list for PBXNativeTarget "SB SpringApp" */;
			buildPhases = (
				93D2FA79BD2EDD70ABA5B37B /* [CP] Check Pods Manifest.lock */,
				DD34CCFD29B4CC9C0086AE0F /* Sources */,
				DD34CCFE29B4CC9C0086AE0F /* Frameworks */,
				DD34CCFF29B4CC9C0086AE0F /* Resources */,
				E16D996A418C0D03EA42D940 /* [CP] Embed Pods Frameworks */,
			);
			buildRules = (
			);
			dependencies = (
			);
			name = "SB SpringApp";
			productName = "SB SpringApp";
			productReference = DD34CD0129B4CC9C0086AE0F /* SB SpringApp.app */;
			productType = "com.apple.product-type.application";
		};
/* End PBXNativeTarget section */

/* Begin PBXProject section */
		DD34CCF929B4CC9C0086AE0F /* Project object */ = {
			isa = PBXProject;
			attributes = {
				BuildIndependentTargetsInParallel = 1;
				LastSwiftUpdateCheck = 1420;
				LastUpgradeCheck = 1420;
				TargetAttributes = {
					DD34CD0029B4CC9C0086AE0F = {
						CreatedOnToolsVersion = 14.2;
					};
				};
			};
			buildConfigurationList = DD34CCFC29B4CC9C0086AE0F /* Build configuration list for PBXProject "SB SpringApp" */;
			compatibilityVersion = "Xcode 14.0";
			developmentRegion = en;
			hasScannedForEncodings = 0;
			knownRegions = (
				en,
				Base,
			);
			mainGroup = DD34CCF829B4CC9C0086AE0F;
			productRefGroup = DD34CD0229B4CC9C0086AE0F /* Products */;
			projectDirPath = "";
			projectRoot = "";
			targets = (
				DD34CD0029B4CC9C0086AE0F /* SB SpringApp */,
			);
		};
/* End PBXProject section */

/* Begin PBXResourcesBuildPhase section */
		DD34CCFF29B4CC9C0086AE0F /* Resources */ = {
			isa = PBXResourcesBuildPhase;
			buildActionMask = 2147483647;
			files = (
				DD34CD1129B4CC9E0086AE0F /* LaunchScreen.storyboard in Resources */,
				DD34CD0E29B4CC9E0086AE0F /* Assets.xcassets in Resources */,
				DD34CD0C29B4CC9C0086AE0F /* Main.storyboard in Resources */,
			);
			runOnlyForDeploymentPostprocessing = 0;
		};
/* End PBXResourcesBuildPhase section */

/* Begin PBXShellScriptBuildPhase section */
		93D2FA79BD2EDD70ABA5B37B /* [CP] Check Pods Manifest.lock */ = {
			isa = PBXShellScriptBuildPhase;
			buildActionMask = 2147483647;
			files = (
			);
			inputFileListPaths = (
			);
			inputPaths = (
				"${PODS_PODFILE_DIR_PATH}/Podfile.lock",
				"${PODS_ROOT}/Manifest.lock",
			);
			name = "[CP] Check Pods Manifest.lock";
			outputFileListPaths = (
			);
			outputPaths = (
				"$(DERIVED_FILE_DIR)/Pods-SB SpringApp-checkManifestLockResult.txt",
			);
			runOnlyForDeploymentPostprocessing = 0;
			shellPath = /bin/sh;
			shellScript = "diff \"${PODS_PODFILE_DIR_PATH}/Podfile.lock\" \"${PODS_ROOT}/Manifest.lock\" > /dev/null\nif [ $? != 0 ] ; then\n    # print error to STDERR\n    echo \"error: The sandbox is not in sync with the Podfile.lock. Run 'pod install' or update your CocoaPods installation.\" >&2\n    exit 1\nfi\n# This output is used by Xcode 'outputs' to avoid re-running this script phase.\necho \"SUCCESS\" > \"${SCRIPT_OUTPUT_FILE_0}\"\n";
			showEnvVarsInLog = 0;
		};
		E16D996A418C0D03EA42D940 /* [CP] Embed Pods Frameworks */ = {
			isa = PBXShellScriptBuildPhase;
			buildActionMask = 2147483647;
			files = (
			);
			inputFileListPaths = (
				"${PODS_ROOT}/Target Support Files/Pods-SB SpringApp/Pods-SB SpringApp-frameworks-${CONFIGURATION}-input-files.xcfilelist",
			);
			name = "[CP] Embed Pods Frameworks";
			outputFileListPaths = (
				"${PODS_ROOT}/Target Support Files/Pods-SB SpringApp/Pods-SB SpringApp-frameworks-${CONFIGURATION}-output-files.xcfilelist",
			);
			runOnlyForDeploymentPostprocessing = 0;
			shellPath = /bin/sh;
			shellScript = "\"${PODS_ROOT}/Target Support Files/Pods-SB SpringApp/Pods-SB SpringApp-frameworks.sh\"\n";
			showEnvVarsInLog = 0;
		};
/* End PBXShellScriptBuildPhase section */

/* Begin PBXSourcesBuildPhase section */
		DD34CCFD29B4CC9C0086AE0F /* Sources */ = {
			isa = PBXSourcesBuildPhase;
			buildActionMask = 2147483647;
			files = (
				DD34CD0929B4CC9C0086AE0F /* ViewController.swift in Sources */,
				DD34CD0529B4CC9C0086AE0F /* AppDelegate.swift in Sources */,
				DD34CD0729B4CC9C0086AE0F /* SceneDelegate.swift in Sources */,
			);
			runOnlyForDeploymentPostprocessing = 0;
		};
/* End PBXSourcesBuildPhase section */

/* Begin PBXVariantGroup section */
		DD34CD0A29B4CC9C0086AE0F /* Main.storyboard */ = {
			isa = PBXVariantGroup;
			children = (
				DD34CD0B29B4CC9C0086AE0F /* Base */,
			);
			name = Main.storyboard;
			sourceTree = "<group>";
		};
		DD34CD0F29B4CC9E0086AE0F /* LaunchScreen.storyboard */ = {
			isa = PBXVariantGroup;
			children = (
				DD34CD1029B4CC9E0086AE0F /* Base */,
			);
			name = LaunchScreen.storyboard;
			sourceTree = "<group>";
		};
/* End PBXVariantGroup section */

/* Begin XCBuildConfiguration section */
		DD34CD1329B4CC9E0086AE0F /* Debug */ = {
			isa = XCBuildConfiguration;
			buildSettings = {
				ALWAYS_SEARCH_USER_PATHS = NO;
				CLANG_ANALYZER_NONNULL = YES;
				CLANG_ANALYZER_NUMBER_OBJECT_CONVERSION = YES_AGGRESSIVE;
				CLANG_CXX_LANGUAGE_STANDARD = "gnu++20";
				CLANG_ENABLE_MODULES = YES;
				CLANG_ENABLE_OBJC_ARC = YES;
				CLANG_ENABLE_OBJC_WEAK = YES;
				CLANG_WARN_BLOCK_CAPTURE_AUTORELEASING = YES;
				CLANG_WARN_BOOL_CONVERSION = YES;
				CLANG_WARN_COMMA = YES;
				CLANG_WARN_CONSTANT_CONVERSION = YES;
				CLANG_WARN_DEPRECATED_OBJC_IMPLEMENTATIONS = YES;
				CLANG_WARN_DIRECT_OBJC_ISA_USAGE = YES_ERROR;
				CLANG_WARN_DOCUMENTATION_COMMENTS = YES;
				CLANG_WARN_EMPTY_BODY = YES;
				CLANG_WARN_ENUM_CONVERSION = YES;
				CLANG_WARN_INFINITE_RECURSION = YES;
				CLANG_WARN_INT_CONVERSION = YES;
				CLANG_WARN_NON_LITERAL_NULL_CONVERSION = YES;
				CLANG_WARN_OBJC_IMPLICIT_RETAIN_SELF = YES;
				CLANG_WARN_OBJC_LITERAL_CONVERSION = YES;
				CLANG_WARN_OBJC_ROOT_CLASS = YES_ERROR;
				CLANG_WARN_QUOTED_INCLUDE_IN_FRAMEWORK_HEADER = YES;
				CLANG_WARN_RANGE_LOOP_ANALYSIS = YES;
				CLANG_WARN_STRICT_PROTOTYPES = YES;
				CLANG_WARN_SUSPICIOUS_MOVE = YES;
				CLANG_WARN_UNGUARDED_AVAILABILITY = YES_AGGRESSIVE;
				CLANG_WARN_UNREACHABLE_CODE = YES;
				CLANG_WARN__DUPLICATE_METHOD_MATCH = YES;
				COPY_PHASE_STRIP = NO;
				DEBUG_INFORMATION_FORMAT = dwarf;
				ENABLE_STRICT_OBJC_MSGSEND = YES;
				ENABLE_TESTABILITY = YES;
				GCC_C_LANGUAGE_STANDARD = gnu11;
				GCC_DYNAMIC_NO_PIC = NO;
				GCC_NO_COMMON_BLOCKS = YES;
				GCC_OPTIMIZATION_LEVEL = 0;
				GCC_PREPROCESSOR_DEFINITIONS = (
					"DEBUG=1",
					"$(inherited)",
				);
				GCC_WARN_64_TO_32_BIT_CONVERSION = YES;
				GCC_WARN_ABOUT_RETURN_TYPE = YES_ERROR;
				GCC_WARN_UNDECLARED_SELECTOR = YES;
				GCC_WARN_UNINITIALIZED_AUTOS = YES_AGGRESSIVE;
				GCC_WARN_UNUSED_FUNCTION = YES;
				GCC_WARN_UNUSED_VARIABLE = YES;
				IPHONEOS_DEPLOYMENT_TARGET = 16.2;
				MTL_ENABLE_DEBUG_INFO = INCLUDE_SOURCE;
				MTL_FAST_MATH = YES;
				ONLY_ACTIVE_ARCH = YES;
				SDKROOT = iphoneos;
				SWIFT_ACTIVE_COMPILATION_CONDITIONS = DEBUG;
				SWIFT_OPTIMIZATION_LEVEL = "-Onone";
			};
			name = Debug;
		};
		DD34CD1429B4CC9E0086AE0F /* Release */ = {
			isa = XCBuildConfiguration;
			buildSettings = {
				ALWAYS_SEARCH_USER_PATHS = NO;
				CLANG_ANALYZER_NONNULL = YES;
				CLANG_ANALYZER_NUMBER_OBJECT_CONVERSION = YES_AGGRESSIVE;
				CLANG_CXX_LANGUAGE_STANDARD = "gnu++20";
				CLANG_ENABLE_MODULES = YES;
				CLANG_ENABLE_OBJC_ARC = YES;
				CLANG_ENABLE_OBJC_WEAK = YES;
				CLANG_WARN_BLOCK_CAPTURE_AUTORELEASING = YES;
				CLANG_WARN_BOOL_CONVERSION = YES;
				CLANG_WARN_COMMA = YES;
				CLANG_WARN_CONSTANT_CONVERSION = YES;
				CLANG_WARN_DEPRECATED_OBJC_IMPLEMENTATIONS = YES;
				CLANG_WARN_DIRECT_OBJC_ISA_USAGE = YES_ERROR;
				CLANG_WARN_DOCUMENTATION_COMMENTS = YES;
				CLANG_WARN_EMPTY_BODY = YES;
				CLANG_WARN_ENUM_CONVERSION = YES;
				CLANG_WARN_INFINITE_RECURSION = YES;
				CLANG_WARN_INT_CONVERSION = YES;
				CLANG_WARN_NON_LITERAL_NULL_CONVERSION = YES;
				CLANG_WARN_OBJC_IMPLICIT_RETAIN_SELF = YES;
				CLANG_WARN_OBJC_LITERAL_CONVERSION = YES;
				CLANG_WARN_OBJC_ROOT_CLASS = YES_ERROR;
				CLANG_WARN_QUOTED_INCLUDE_IN_FRAMEWORK_HEADER = YES;
				CLANG_WARN_RANGE_LOOP_ANALYSIS = YES;
				CLANG_WARN_STRICT_PROTOTYPES = YES;
				CLANG_WARN_SUSPICIOUS_MOVE = YES;
				CLANG_WARN_UNGUARDED_AVAILABILITY = YES_AGGRESSIVE;
				CLANG_WARN_UNREACHABLE_CODE = YES;
				CLANG_WARN__DUPLICATE_METHOD_MATCH = YES;
				COPY_PHASE_STRIP = NO;
				DEBUG_INFORMATION_FORMAT = "dwarf-with-dsym";
				ENABLE_NS_ASSERTIONS = NO;
				ENABLE_STRICT_OBJC_MSGSEND = YES;
				GCC_C_LANGUAGE_STANDARD = gnu11;
				GCC_NO_COMMON_BLOCKS = YES;
				GCC_WARN_64_TO_32_BIT_CONVERSION = YES;
				GCC_WARN_ABOUT_RETURN_TYPE = YES_ERROR;
				GCC_WARN_UNDECLARED_SELECTOR = YES;
				GCC_WARN_UNINITIALIZED_AUTOS = YES_AGGRESSIVE;
				GCC_WARN_UNUSED_FUNCTION = YES;
				GCC_WARN_UNUSED_VARIABLE = YES;
				IPHONEOS_DEPLOYMENT_TARGET = 16.2;
				MTL_ENABLE_DEBUG_INFO = NO;
				MTL_FAST_MATH = YES;
				SDKROOT = iphoneos;
				SWIFT_COMPILATION_MODE = wholemodule;
				SWIFT_OPTIMIZATION_LEVEL = "-O";
				VALIDATE_PRODUCT = YES;
			};
			name = Release;
		};
		DD34CD1629B4CC9E0086AE0F /* Debug */ = {
			isa = XCBuildConfiguration;
			baseConfigurationReference = 4A90D07A0DCF9538CD1EC77B /* Pods-SB SpringApp.debug.xcconfig */;
			buildSettings = {
				ASSETCATALOG_COMPILER_APPICON_NAME = AppIcon;
				ASSETCATALOG_COMPILER_GLOBAL_ACCENT_COLOR_NAME = AccentColor;
				CODE_SIGN_STYLE = Automatic;
				CURRENT_PROJECT_VERSION = 1;
				DEVELOPMENT_TEAM = 7YW3V66545;
				GENERATE_INFOPLIST_FILE = YES;
				INFOPLIST_FILE = "SB SpringApp/Info.plist";
				INFOPLIST_KEY_UIApplicationSupportsIndirectInputEvents = YES;
				INFOPLIST_KEY_UILaunchStoryboardName = LaunchScreen;
				INFOPLIST_KEY_UIMainStoryboardFile = Main;
				INFOPLIST_KEY_UISupportedInterfaceOrientations_iPad = "UIInterfaceOrientationPortrait UIInterfaceOrientationPortraitUpsideDown UIInterfaceOrientationLandscapeLeft UIInterfaceOrientationLandscapeRight";
				INFOPLIST_KEY_UISupportedInterfaceOrientations_iPhone = "UIInterfaceOrientationPortrait UIInterfaceOrientationLandscapeLeft UIInterfaceOrientationLandscapeRight";
				LD_RUNPATH_SEARCH_PATHS = (
					"$(inherited)",
					"@executable_path/Frameworks",
				);
				MARKETING_VERSION = 1.0;
				PRODUCT_BUNDLE_IDENTIFIER = "HieroniusTeam.SB-SpringApp";
				PRODUCT_NAME = "$(TARGET_NAME)";
				SWIFT_EMIT_LOC_STRINGS = YES;
				SWIFT_VERSION = 5.0;
				TARGETED_DEVICE_FAMILY = "1,2";
			};
			name = Debug;
		};
		DD34CD1729B4CC9E0086AE0F /* Release */ = {
			isa = XCBuildConfiguration;
			baseConfigurationReference = 0D4734DCB54E9FA389A65270 /* Pods-SB SpringApp.release.xcconfig */;
			buildSettings = {
				ASSETCATALOG_COMPILER_APPICON_NAME = AppIcon;
				ASSETCATALOG_COMPILER_GLOBAL_ACCENT_COLOR_NAME = AccentColor;
				CODE_SIGN_STYLE = Automatic;
				CURRENT_PROJECT_VERSION = 1;
				DEVELOPMENT_TEAM = 7YW3V66545;
				GENERATE_INFOPLIST_FILE = YES;
				INFOPLIST_FILE = "SB SpringApp/Info.plist";
				INFOPLIST_KEY_UIApplicationSupportsIndirectInputEvents = YES;
				INFOPLIST_KEY_UILaunchStoryboardName = LaunchScreen;
				INFOPLIST_KEY_UIMainStoryboardFile = Main;
				INFOPLIST_KEY_UISupportedInterfaceOrientations_iPad = "UIInterfaceOrientationPortrait UIInterfaceOrientationPortraitUpsideDown UIInterfaceOrientationLandscapeLeft UIInterfaceOrientationLandscapeRight";
				INFOPLIST_KEY_UISupportedInterfaceOrientations_iPhone = "UIInterfaceOrientationPortrait UIInterfaceOrientationLandscapeLeft UIInterfaceOrientationLandscapeRight";
				LD_RUNPATH_SEARCH_PATHS = (
					"$(inherited)",
					"@executable_path/Frameworks",
				);
				MARKETING_VERSION = 1.0;
				PRODUCT_BUNDLE_IDENTIFIER = "HieroniusTeam.SB-SpringApp";
				PRODUCT_NAME = "$(TARGET_NAME)";
				SWIFT_EMIT_LOC_STRINGS = YES;
				SWIFT_VERSION = 5.0;
				TARGETED_DEVICE_FAMILY = "1,2";
			};
			name = Release;
		};
/* End XCBuildConfiguration section */

/* Begin XCConfigurationList section */
		DD34CCFC29B4CC9C0086AE0F /* Build configuration list for PBXProject "SB SpringApp" */ = {
			isa = XCConfigurationList;
			buildConfigurations = (
				DD34CD1329B4CC9E0086AE0F /* Debug */,
				DD34CD1429B4CC9E0086AE0F /* Release */,
			);
			defaultConfigurationIsVisible = 0;
			defaultConfigurationName = Release;
		};
		DD34CD1529B4CC9E0086AE0F /* Build configuration list for PBXNativeTarget "SB SpringApp" */ = {
			isa = XCConfigurationList;
			buildConfigurations = (
				DD34CD1629B4CC9E0086AE0F /* Debug */,
				DD34CD1729B4CC9E0086AE0F /* Release */,
			);
			defaultConfigurationIsVisible = 0;
			defaultConfigurationName = Release;
		};
/* End XCConfigurationList section */
	};
	rootObject = DD34CCF929B4CC9C0086AE0F /* Project object */;
}
