// !$*UTF8*$!
{
	archiveVersion = 1;
	classes = {
	};
	objectVersion = 56;
	objects = {

/* Begin PBXBuildFile section */
		DDF96AE429A5274B006B7AC1 /* TabBarViewController.swift in Sources */ = {isa = PBXBuildFile; fileRef = DDF96AE329A5274B006B7AC1 /* TabBarViewController.swift */; };
		DDFB35A229A4F14000362719 /* AppDelegate.swift in Sources */ = {isa = PBXBuildFile; fileRef = DDFB35A129A4F14000362719 /* AppDelegate.swift */; };
		DDFB35A429A4F14100362719 /* SceneDelegate.swift in Sources */ = {isa = PBXBuildFile; fileRef = DDFB35A329A4F14000362719 /* SceneDelegate.swift */; };
		DDFB35A629A4F14100362719 /* ViewController.swift in Sources */ = {isa = PBXBuildFile; fileRef = DDFB35A529A4F14100362719 /* ViewController.swift */; };
		DDFB35A929A4F14100362719 /* Main.storyboard in Resources */ = {isa = PBXBuildFile; fileRef = DDFB35A729A4F14100362719 /* Main.storyboard */; };
		DDFB35AB29A4F14700362719 /* Assets.xcassets in Resources */ = {isa = PBXBuildFile; fileRef = DDFB35AA29A4F14700362719 /* Assets.xcassets */; };
		DDFB35AE29A4F14700362719 /* LaunchScreen.storyboard in Resources */ = {isa = PBXBuildFile; fileRef = DDFB35AC29A4F14700362719 /* LaunchScreen.storyboard */; };
		DDFB35BB29A5211900362719 /* StartViewController.swift in Sources */ = {isa = PBXBuildFile; fileRef = DDFB35BA29A5211900362719 /* StartViewController.swift */; };
		DDFB35BD29A5214800362719 /* ProfileViewController.swift in Sources */ = {isa = PBXBuildFile; fileRef = DDFB35BC29A5214800362719 /* ProfileViewController.swift */; };
		DDFB35BF29A523B100362719 /* UserInfoData.swift in Sources */ = {isa = PBXBuildFile; fileRef = DDFB35BE29A523B100362719 /* UserInfoData.swift */; };
/* End PBXBuildFile section */

/* Begin PBXFileReference section */
		DDF96AE329A5274B006B7AC1 /* TabBarViewController.swift */ = {isa = PBXFileReference; lastKnownFileType = sourcecode.swift; path = TabBarViewController.swift; sourceTree = "<group>"; };
		DDFB359E29A4F14000362719 /* SB Authorisation App.app */ = {isa = PBXFileReference; explicitFileType = wrapper.application; includeInIndex = 0; path = "SB Authorisation App.app"; sourceTree = BUILT_PRODUCTS_DIR; };
		DDFB35A129A4F14000362719 /* AppDelegate.swift */ = {isa = PBXFileReference; lastKnownFileType = sourcecode.swift; path = AppDelegate.swift; sourceTree = "<group>"; };
		DDFB35A329A4F14000362719 /* SceneDelegate.swift */ = {isa = PBXFileReference; lastKnownFileType = sourcecode.swift; path = SceneDelegate.swift; sourceTree = "<group>"; };
		DDFB35A529A4F14100362719 /* ViewController.swift */ = {isa = PBXFileReference; lastKnownFileType = sourcecode.swift; path = ViewController.swift; sourceTree = "<group>"; };
		DDFB35A829A4F14100362719 /* Base */ = {isa = PBXFileReference; lastKnownFileType = file.storyboard; name = Base; path = Base.lproj/Main.storyboard; sourceTree = "<group>"; };
		DDFB35AA29A4F14700362719 /* Assets.xcassets */ = {isa = PBXFileReference; lastKnownFileType = folder.assetcatalog; path = Assets.xcassets; sourceTree = "<group>"; };
		DDFB35AD29A4F14700362719 /* Base */ = {isa = PBXFileReference; lastKnownFileType = file.storyboard; name = Base; path = Base.lproj/LaunchScreen.storyboard; sourceTree = "<group>"; };
		DDFB35AF29A4F14700362719 /* Info.plist */ = {isa = PBXFileReference; lastKnownFileType = text.plist.xml; path = Info.plist; sourceTree = "<group>"; };
		DDFB35BA29A5211900362719 /* StartViewController.swift */ = {isa = PBXFileReference; lastKnownFileType = sourcecode.swift; path = StartViewController.swift; sourceTree = "<group>"; };
		DDFB35BC29A5214800362719 /* ProfileViewController.swift */ = {isa = PBXFileReference; lastKnownFileType = sourcecode.swift; path = ProfileViewController.swift; sourceTree = "<group>"; };
		DDFB35BE29A523B100362719 /* UserInfoData.swift */ = {isa = PBXFileReference; lastKnownFileType = sourcecode.swift; path = UserInfoData.swift; sourceTree = "<group>"; };
/* End PBXFileReference section */

/* Begin PBXFrameworksBuildPhase section */
		DDFB359B29A4F14000362719 /* Frameworks */ = {
			isa = PBXFrameworksBuildPhase;
			buildActionMask = 2147483647;
			files = (
			);
			runOnlyForDeploymentPostprocessing = 0;
		};
/* End PBXFrameworksBuildPhase section */

/* Begin PBXGroup section */
		DDFB359529A4F14000362719 = {
			isa = PBXGroup;
			children = (
				DDFB35A029A4F14000362719 /* SB Authorisation App */,
				DDFB359F29A4F14000362719 /* Products */,
			);
			sourceTree = "<group>";
		};
		DDFB359F29A4F14000362719 /* Products */ = {
			isa = PBXGroup;
			children = (
				DDFB359E29A4F14000362719 /* SB Authorisation App.app */,
			);
			name = Products;
			sourceTree = "<group>";
		};
		DDFB35A029A4F14000362719 /* SB Authorisation App */ = {
			isa = PBXGroup;
			children = (
				DDFB35B929A5195900362719 /* Model */,
				DDFB35B529A515BE00362719 /* Supporting files */,
				DDFB35B829A5163A00362719 /* View Controllers */,
				DDFB35B629A5160700362719 /* Storyboards */,
				DDFB35B729A5162F00362719 /* Resources */,
			);
			path = "SB Authorisation App";
			sourceTree = "<group>";
		};
		DDFB35B529A515BE00362719 /* Supporting files */ = {
			isa = PBXGroup;
			children = (
				DDFB35A129A4F14000362719 /* AppDelegate.swift */,
				DDFB35A329A4F14000362719 /* SceneDelegate.swift */,
				DDFB35AF29A4F14700362719 /* Info.plist */,
			);
			path = "Supporting files";
			sourceTree = "<group>";
		};
		DDFB35B629A5160700362719 /* Storyboards */ = {
			isa = PBXGroup;
			children = (
				DDFB35A729A4F14100362719 /* Main.storyboard */,
				DDFB35AC29A4F14700362719 /* LaunchScreen.storyboard */,
			);
			path = Storyboards;
			sourceTree = "<group>";
		};
		DDFB35B729A5162F00362719 /* Resources */ = {
			isa = PBXGroup;
			children = (
				DDFB35AA29A4F14700362719 /* Assets.xcassets */,
			);
			path = Resources;
			sourceTree = "<group>";
		};
		DDFB35B829A5163A00362719 /* View Controllers */ = {
			isa = PBXGroup;
			children = (
				DDFB35A529A4F14100362719 /* ViewController.swift */,
				DDFB35BA29A5211900362719 /* StartViewController.swift */,
				DDFB35BC29A5214800362719 /* ProfileViewController.swift */,
				DDF96AE329A5274B006B7AC1 /* TabBarViewController.swift */,
			);
			path = "View Controllers";
			sourceTree = "<group>";
		};
		DDFB35B929A5195900362719 /* Model */ = {
			isa = PBXGroup;
			children = (
				DDFB35BE29A523B100362719 /* UserInfoData.swift */,
			);
			path = Model;
			sourceTree = "<group>";
		};
/* End PBXGroup section */

/* Begin PBXNativeTarget section */
		DDFB359D29A4F14000362719 /* SB Authorisation App */ = {
			isa = PBXNativeTarget;
			buildConfigurationList = DDFB35B229A4F14700362719 /* Build configuration list for PBXNativeTarget "SB Authorisation App" */;
			buildPhases = (
				DDFB359A29A4F14000362719 /* Sources */,
				DDFB359B29A4F14000362719 /* Frameworks */,
				DDFB359C29A4F14000362719 /* Resources */,
			);
			buildRules = (
			);
			dependencies = (
			);
			name = "SB Authorisation App";
			productName = "SB Authorisation App";
			productReference = DDFB359E29A4F14000362719 /* SB Authorisation App.app */;
			productType = "com.apple.product-type.application";
		};
/* End PBXNativeTarget section */

/* Begin PBXProject section */
		DDFB359629A4F14000362719 /* Project object */ = {
			isa = PBXProject;
			attributes = {
				BuildIndependentTargetsInParallel = 1;
				LastSwiftUpdateCheck = 1420;
				LastUpgradeCheck = 1420;
				TargetAttributes = {
					DDFB359D29A4F14000362719 = {
						CreatedOnToolsVersion = 14.2;
					};
				};
			};
			buildConfigurationList = DDFB359929A4F14000362719 /* Build configuration list for PBXProject "SB Authorisation App" */;
			compatibilityVersion = "Xcode 14.0";
			developmentRegion = en;
			hasScannedForEncodings = 0;
			knownRegions = (
				en,
				Base,
			);
			mainGroup = DDFB359529A4F14000362719;
			productRefGroup = DDFB359F29A4F14000362719 /* Products */;
			projectDirPath = "";
			projectRoot = "";
			targets = (
				DDFB359D29A4F14000362719 /* SB Authorisation App */,
			);
		};
/* End PBXProject section */

/* Begin PBXResourcesBuildPhase section */
		DDFB359C29A4F14000362719 /* Resources */ = {
			isa = PBXResourcesBuildPhase;
			buildActionMask = 2147483647;
			files = (
				DDFB35AE29A4F14700362719 /* LaunchScreen.storyboard in Resources */,
				DDFB35AB29A4F14700362719 /* Assets.xcassets in Resources */,
				DDFB35A929A4F14100362719 /* Main.storyboard in Resources */,
			);
			runOnlyForDeploymentPostprocessing = 0;
		};
/* End PBXResourcesBuildPhase section */

/* Begin PBXSourcesBuildPhase section */
		DDFB359A29A4F14000362719 /* Sources */ = {
			isa = PBXSourcesBuildPhase;
			buildActionMask = 2147483647;
			files = (
				DDFB35A629A4F14100362719 /* ViewController.swift in Sources */,
				DDFB35BB29A5211900362719 /* StartViewController.swift in Sources */,
				DDFB35BD29A5214800362719 /* ProfileViewController.swift in Sources */,
				DDFB35A229A4F14000362719 /* AppDelegate.swift in Sources */,
				DDF96AE429A5274B006B7AC1 /* TabBarViewController.swift in Sources */,
				DDFB35BF29A523B100362719 /* UserInfoData.swift in Sources */,
				DDFB35A429A4F14100362719 /* SceneDelegate.swift in Sources */,
			);
			runOnlyForDeploymentPostprocessing = 0;
		};
/* End PBXSourcesBuildPhase section */

/* Begin PBXVariantGroup section */
		DDFB35A729A4F14100362719 /* Main.storyboard */ = {
			isa = PBXVariantGroup;
			children = (
				DDFB35A829A4F14100362719 /* Base */,
			);
			name = Main.storyboard;
			sourceTree = "<group>";
		};
		DDFB35AC29A4F14700362719 /* LaunchScreen.storyboard */ = {
			isa = PBXVariantGroup;
			children = (
				DDFB35AD29A4F14700362719 /* Base */,
			);
			name = LaunchScreen.storyboard;
			sourceTree = "<group>";
		};
/* End PBXVariantGroup section */

/* Begin XCBuildConfiguration section */
		DDFB35B029A4F14700362719 /* Debug */ = {
			isa = XCBuildConfiguration;
			buildSettings = {
				ALWAYS_SEARCH_USER_PATHS = NO;
				CLANG_ANALYZER_NONNULL = YES;
				CLANG_ANALYZER_NUMBER_OBJECT_CONVERSION = YES_AGGRESSIVE;
				CLANG_CXX_LANGUAGE_STANDARD = "gnu++20";
				CLANG_ENABLE_MODULES = YES;
				CLANG_ENABLE_OBJC_ARC = YES;
				CLANG_ENABLE_OBJC_WEAK = YES;
				CLANG_WARN_BLOCK_CAPTURE_AUTORELEASING = YES;
				CLANG_WARN_BOOL_CONVERSION = YES;
				CLANG_WARN_COMMA = YES;
				CLANG_WARN_CONSTANT_CONVERSION = YES;
				CLANG_WARN_DEPRECATED_OBJC_IMPLEMENTATIONS = YES;
				CLANG_WARN_DIRECT_OBJC_ISA_USAGE = YES_ERROR;
				CLANG_WARN_DOCUMENTATION_COMMENTS = YES;
				CLANG_WARN_EMPTY_BODY = YES;
				CLANG_WARN_ENUM_CONVERSION = YES;
				CLANG_WARN_INFINITE_RECURSION = YES;
				CLANG_WARN_INT_CONVERSION = YES;
				CLANG_WARN_NON_LITERAL_NULL_CONVERSION = YES;
				CLANG_WARN_OBJC_IMPLICIT_RETAIN_SELF = YES;
				CLANG_WARN_OBJC_LITERAL_CONVERSION = YES;
				CLANG_WARN_OBJC_ROOT_CLASS = YES_ERROR;
				CLANG_WARN_QUOTED_INCLUDE_IN_FRAMEWORK_HEADER = YES;
				CLANG_WARN_RANGE_LOOP_ANALYSIS = YES;
				CLANG_WARN_STRICT_PROTOTYPES = YES;
				CLANG_WARN_SUSPICIOUS_MOVE = YES;
				CLANG_WARN_UNGUARDED_AVAILABILITY = YES_AGGRESSIVE;
				CLANG_WARN_UNREACHABLE_CODE = YES;
				CLANG_WARN__DUPLICATE_METHOD_MATCH = YES;
				COPY_PHASE_STRIP = NO;
				DEBUG_INFORMATION_FORMAT = dwarf;
				ENABLE_STRICT_OBJC_MSGSEND = YES;
				ENABLE_TESTABILITY = YES;
				GCC_C_LANGUAGE_STANDARD = gnu11;
				GCC_DYNAMIC_NO_PIC = NO;
				GCC_NO_COMMON_BLOCKS = YES;
				GCC_OPTIMIZATION_LEVEL = 0;
				GCC_PREPROCESSOR_DEFINITIONS = (
					"DEBUG=1",
					"$(inherited)",
				);
				GCC_WARN_64_TO_32_BIT_CONVERSION = YES;
				GCC_WARN_ABOUT_RETURN_TYPE = YES_ERROR;
				GCC_WARN_UNDECLARED_SELECTOR = YES;
				GCC_WARN_UNINITIALIZED_AUTOS = YES_AGGRESSIVE;
				GCC_WARN_UNUSED_FUNCTION = YES;
				GCC_WARN_UNUSED_VARIABLE = YES;
				IPHONEOS_DEPLOYMENT_TARGET = 16.2;
				MTL_ENABLE_DEBUG_INFO = INCLUDE_SOURCE;
				MTL_FAST_MATH = YES;
				ONLY_ACTIVE_ARCH = YES;
				SDKROOT = iphoneos;
				SWIFT_ACTIVE_COMPILATION_CONDITIONS = DEBUG;
				SWIFT_OPTIMIZATION_LEVEL = "-Onone";
			};
			name = Debug;
		};
		DDFB35B129A4F14700362719 /* Release */ = {
			isa = XCBuildConfiguration;
			buildSettings = {
				ALWAYS_SEARCH_USER_PATHS = NO;
				CLANG_ANALYZER_NONNULL = YES;
				CLANG_ANALYZER_NUMBER_OBJECT_CONVERSION = YES_AGGRESSIVE;
				CLANG_CXX_LANGUAGE_STANDARD = "gnu++20";
				CLANG_ENABLE_MODULES = YES;
				CLANG_ENABLE_OBJC_ARC = YES;
				CLANG_ENABLE_OBJC_WEAK = YES;
				CLANG_WARN_BLOCK_CAPTURE_AUTORELEASING = YES;
				CLANG_WARN_BOOL_CONVERSION = YES;
				CLANG_WARN_COMMA = YES;
				CLANG_WARN_CONSTANT_CONVERSION = YES;
				CLANG_WARN_DEPRECATED_OBJC_IMPLEMENTATIONS = YES;
				CLANG_WARN_DIRECT_OBJC_ISA_USAGE = YES_ERROR;
				CLANG_WARN_DOCUMENTATION_COMMENTS = YES;
				CLANG_WARN_EMPTY_BODY = YES;
				CLANG_WARN_ENUM_CONVERSION = YES;
				CLANG_WARN_INFINITE_RECURSION = YES;
				CLANG_WARN_INT_CONVERSION = YES;
				CLANG_WARN_NON_LITERAL_NULL_CONVERSION = YES;
				CLANG_WARN_OBJC_IMPLICIT_RETAIN_SELF = YES;
				CLANG_WARN_OBJC_LITERAL_CONVERSION = YES;
				CLANG_WARN_OBJC_ROOT_CLASS = YES_ERROR;
				CLANG_WARN_QUOTED_INCLUDE_IN_FRAMEWORK_HEADER = YES;
				CLANG_WARN_RANGE_LOOP_ANALYSIS = YES;
				CLANG_WARN_STRICT_PROTOTYPES = YES;
				CLANG_WARN_SUSPICIOUS_MOVE = YES;
				CLANG_WARN_UNGUARDED_AVAILABILITY = YES_AGGRESSIVE;
				CLANG_WARN_UNREACHABLE_CODE = YES;
				CLANG_WARN__DUPLICATE_METHOD_MATCH = YES;
				COPY_PHASE_STRIP = NO;
				DEBUG_INFORMATION_FORMAT = "dwarf-with-dsym";
				ENABLE_NS_ASSERTIONS = NO;
				ENABLE_STRICT_OBJC_MSGSEND = YES;
				GCC_C_LANGUAGE_STANDARD = gnu11;
				GCC_NO_COMMON_BLOCKS = YES;
				GCC_WARN_64_TO_32_BIT_CONVERSION = YES;
				GCC_WARN_ABOUT_RETURN_TYPE = YES_ERROR;
				GCC_WARN_UNDECLARED_SELECTOR = YES;
				GCC_WARN_UNINITIALIZED_AUTOS = YES_AGGRESSIVE;
				GCC_WARN_UNUSED_FUNCTION = YES;
				GCC_WARN_UNUSED_VARIABLE = YES;
				IPHONEOS_DEPLOYMENT_TARGET = 16.2;
				MTL_ENABLE_DEBUG_INFO = NO;
				MTL_FAST_MATH = YES;
				SDKROOT = iphoneos;
				SWIFT_COMPILATION_MODE = wholemodule;
				SWIFT_OPTIMIZATION_LEVEL = "-O";
				VALIDATE_PRODUCT = YES;
			};
			name = Release;
		};
		DDFB35B329A4F14700362719 /* Debug */ = {
			isa = XCBuildConfiguration;
			buildSettings = {
				ASSETCATALOG_COMPILER_APPICON_NAME = AppIcon;
				ASSETCATALOG_COMPILER_GLOBAL_ACCENT_COLOR_NAME = AccentColor;
				CODE_SIGN_STYLE = Automatic;
				CURRENT_PROJECT_VERSION = 1;
				DEVELOPMENT_TEAM = 7YW3V66545;
				GENERATE_INFOPLIST_FILE = YES;
				INFOPLIST_FILE = "SB Authorisation App/Supporting files/Info.plist";
				INFOPLIST_KEY_UIApplicationSupportsIndirectInputEvents = YES;
				INFOPLIST_KEY_UILaunchStoryboardName = LaunchScreen;
				INFOPLIST_KEY_UIMainStoryboardFile = Main;
				INFOPLIST_KEY_UISupportedInterfaceOrientations = UIInterfaceOrientationPortrait;
				INFOPLIST_KEY_UISupportedInterfaceOrientations_iPad = "UIInterfaceOrientationLandscapeLeft UIInterfaceOrientationLandscapeRight UIInterfaceOrientationPortrait UIInterfaceOrientationPortraitUpsideDown";
				LD_RUNPATH_SEARCH_PATHS = (
					"$(inherited)",
					"@executable_path/Frameworks",
				);
				MARKETING_VERSION = 1.0;
				PRODUCT_BUNDLE_IDENTIFIER = "HieroniusTeam.SB-Authorisation-App";
				PRODUCT_NAME = "$(TARGET_NAME)";
				SUPPORTED_PLATFORMS = "iphoneos iphonesimulator";
				SUPPORTS_MACCATALYST = NO;
				SUPPORTS_MAC_DESIGNED_FOR_IPHONE_IPAD = NO;
				SWIFT_EMIT_LOC_STRINGS = YES;
				SWIFT_VERSION = 5.0;
				TARGETED_DEVICE_FAMILY = 1;
			};
			name = Debug;
		};
		DDFB35B429A4F14700362719 /* Release */ = {
			isa = XCBuildConfiguration;
			buildSettings = {
				ASSETCATALOG_COMPILER_APPICON_NAME = AppIcon;
				ASSETCATALOG_COMPILER_GLOBAL_ACCENT_COLOR_NAME = AccentColor;
				CODE_SIGN_STYLE = Automatic;
				CURRENT_PROJECT_VERSION = 1;
				DEVELOPMENT_TEAM = 7YW3V66545;
				GENERATE_INFOPLIST_FILE = YES;
				INFOPLIST_FILE = "SB Authorisation App/Supporting files/Info.plist";
				INFOPLIST_KEY_UIApplicationSupportsIndirectInputEvents = YES;
				INFOPLIST_KEY_UILaunchStoryboardName = LaunchScreen;
				INFOPLIST_KEY_UIMainStoryboardFile = Main;
				INFOPLIST_KEY_UISupportedInterfaceOrientations = UIInterfaceOrientationPortrait;
				INFOPLIST_KEY_UISupportedInterfaceOrientations_iPad = "UIInterfaceOrientationLandscapeLeft UIInterfaceOrientationLandscapeRight UIInterfaceOrientationPortrait UIInterfaceOrientationPortraitUpsideDown";
				LD_RUNPATH_SEARCH_PATHS = (
					"$(inherited)",
					"@executable_path/Frameworks",
				);
				MARKETING_VERSION = 1.0;
				PRODUCT_BUNDLE_IDENTIFIER = "HieroniusTeam.SB-Authorisation-App";
				PRODUCT_NAME = "$(TARGET_NAME)";
				SUPPORTED_PLATFORMS = "iphoneos iphonesimulator";
				SUPPORTS_MACCATALYST = NO;
				SUPPORTS_MAC_DESIGNED_FOR_IPHONE_IPAD = NO;
				SWIFT_EMIT_LOC_STRINGS = YES;
				SWIFT_VERSION = 5.0;
				TARGETED_DEVICE_FAMILY = 1;
			};
			name = Release;
		};
/* End XCBuildConfiguration section */

/* Begin XCConfigurationList section */
		DDFB359929A4F14000362719 /* Build configuration list for PBXProject "SB Authorisation App" */ = {
			isa = XCConfigurationList;
			buildConfigurations = (
				DDFB35B029A4F14700362719 /* Debug */,
				DDFB35B129A4F14700362719 /* Release */,
			);
			defaultConfigurationIsVisible = 0;
			defaultConfigurationName = Release;
		};
		DDFB35B229A4F14700362719 /* Build configuration list for PBXNativeTarget "SB Authorisation App" */ = {
			isa = XCConfigurationList;
			buildConfigurations = (
				DDFB35B329A4F14700362719 /* Debug */,
				DDFB35B429A4F14700362719 /* Release */,
			);
			defaultConfigurationIsVisible = 0;
			defaultConfigurationName = Release;
		};
/* End XCConfigurationList section */
	};
	rootObject = DDFB359629A4F14000362719 /* Project object */;
}
