// !$*UTF8*$!
{
	archiveVersion = 1;
	classes = {
	};
	objectVersion = 56;
	objects = {

/* Begin PBXBuildFile section */
		DDD1B85D29ABEACE00FEC5B2 /* AppDelegate.swift in Sources */ = {isa = PBXBuildFile; fileRef = DDD1B85C29ABEACE00FEC5B2 /* AppDelegate.swift */; };
		DDD1B85F29ABEACE00FEC5B2 /* SceneDelegate.swift in Sources */ = {isa = PBXBuildFile; fileRef = DDD1B85E29ABEACE00FEC5B2 /* SceneDelegate.swift */; };
		DDD1B86129ABEACE00FEC5B2 /* ViewController.swift in Sources */ = {isa = PBXBuildFile; fileRef = DDD1B86029ABEACE00FEC5B2 /* ViewController.swift */; };
		DDD1B86429ABEACE00FEC5B2 /* Main.storyboard in Resources */ = {isa = PBXBuildFile; fileRef = DDD1B86229ABEACE00FEC5B2 /* Main.storyboard */; };
		DDD1B86629ABEAD000FEC5B2 /* Assets.xcassets in Resources */ = {isa = PBXBuildFile; fileRef = DDD1B86529ABEAD000FEC5B2 /* Assets.xcassets */; };
		DDD1B86929ABEAD000FEC5B2 /* LaunchScreen.storyboard in Resources */ = {isa = PBXBuildFile; fileRef = DDD1B86729ABEAD000FEC5B2 /* LaunchScreen.storyboard */; };
		DDD1B87229ABEAF600FEC5B2 /* SnapKit in Frameworks */ = {isa = PBXBuildFile; productRef = DDD1B87129ABEAF600FEC5B2 /* SnapKit */; };
		DDD1B87429ABEB9300FEC5B2 /* APIManager.swift in Sources */ = {isa = PBXBuildFile; fileRef = DDD1B87329ABEB9300FEC5B2 /* APIManager.swift */; };
		DDD1B87629ABF00900FEC5B2 /* WeatherData.swift in Sources */ = {isa = PBXBuildFile; fileRef = DDD1B87529ABF00900FEC5B2 /* WeatherData.swift */; };
/* End PBXBuildFile section */

/* Begin PBXFileReference section */
		DDD1B85929ABEACE00FEC5B2 /* JSONpractice v.2.app */ = {isa = PBXFileReference; explicitFileType = wrapper.application; includeInIndex = 0; path = "JSONpractice v.2.app"; sourceTree = BUILT_PRODUCTS_DIR; };
		DDD1B85C29ABEACE00FEC5B2 /* AppDelegate.swift */ = {isa = PBXFileReference; lastKnownFileType = sourcecode.swift; path = AppDelegate.swift; sourceTree = "<group>"; };
		DDD1B85E29ABEACE00FEC5B2 /* SceneDelegate.swift */ = {isa = PBXFileReference; lastKnownFileType = sourcecode.swift; path = SceneDelegate.swift; sourceTree = "<group>"; };
		DDD1B86029ABEACE00FEC5B2 /* ViewController.swift */ = {isa = PBXFileReference; lastKnownFileType = sourcecode.swift; path = ViewController.swift; sourceTree = "<group>"; };
		DDD1B86329ABEACE00FEC5B2 /* Base */ = {isa = PBXFileReference; lastKnownFileType = file.storyboard; name = Base; path = Base.lproj/Main.storyboard; sourceTree = "<group>"; };
		DDD1B86529ABEAD000FEC5B2 /* Assets.xcassets */ = {isa = PBXFileReference; lastKnownFileType = folder.assetcatalog; path = Assets.xcassets; sourceTree = "<group>"; };
		DDD1B86829ABEAD000FEC5B2 /* Base */ = {isa = PBXFileReference; lastKnownFileType = file.storyboard; name = Base; path = Base.lproj/LaunchScreen.storyboard; sourceTree = "<group>"; };
		DDD1B86A29ABEAD000FEC5B2 /* Info.plist */ = {isa = PBXFileReference; lastKnownFileType = text.plist.xml; path = Info.plist; sourceTree = "<group>"; };
		DDD1B87329ABEB9300FEC5B2 /* APIManager.swift */ = {isa = PBXFileReference; lastKnownFileType = sourcecode.swift; path = APIManager.swift; sourceTree = "<group>"; };
		DDD1B87529ABF00900FEC5B2 /* WeatherData.swift */ = {isa = PBXFileReference; lastKnownFileType = sourcecode.swift; path = WeatherData.swift; sourceTree = "<group>"; };
/* End PBXFileReference section */

/* Begin PBXFrameworksBuildPhase section */
		DDD1B85629ABEACE00FEC5B2 /* Frameworks */ = {
			isa = PBXFrameworksBuildPhase;
			buildActionMask = 2147483647;
			files = (
				DDD1B87229ABEAF600FEC5B2 /* SnapKit in Frameworks */,
			);
			runOnlyForDeploymentPostprocessing = 0;
		};
/* End PBXFrameworksBuildPhase section */

/* Begin PBXGroup section */
		DDD1B85029ABEACE00FEC5B2 = {
			isa = PBXGroup;
			children = (
				DDD1B85B29ABEACE00FEC5B2 /* JSONpractice v.2 */,
				DDD1B85A29ABEACE00FEC5B2 /* Products */,
			);
			sourceTree = "<group>";
		};
		DDD1B85A29ABEACE00FEC5B2 /* Products */ = {
			isa = PBXGroup;
			children = (
				DDD1B85929ABEACE00FEC5B2 /* JSONpractice v.2.app */,
			);
			name = Products;
			sourceTree = "<group>";
		};
		DDD1B85B29ABEACE00FEC5B2 /* JSONpractice v.2 */ = {
			isa = PBXGroup;
			children = (
				DDD1B85C29ABEACE00FEC5B2 /* AppDelegate.swift */,
				DDD1B85E29ABEACE00FEC5B2 /* SceneDelegate.swift */,
				DDD1B86029ABEACE00FEC5B2 /* ViewController.swift */,
				DDD1B87329ABEB9300FEC5B2 /* APIManager.swift */,
				DDD1B87529ABF00900FEC5B2 /* WeatherData.swift */,
				DDD1B86229ABEACE00FEC5B2 /* Main.storyboard */,
				DDD1B86529ABEAD000FEC5B2 /* Assets.xcassets */,
				DDD1B86729ABEAD000FEC5B2 /* LaunchScreen.storyboard */,
				DDD1B86A29ABEAD000FEC5B2 /* Info.plist */,
			);
			path = "JSONpractice v.2";
			sourceTree = "<group>";
		};
/* End PBXGroup section */

/* Begin PBXNativeTarget section */
		DDD1B85829ABEACE00FEC5B2 /* JSONpractice v.2 */ = {
			isa = PBXNativeTarget;
			buildConfigurationList = DDD1B86D29ABEAD000FEC5B2 /* Build configuration list for PBXNativeTarget "JSONpractice v.2" */;
			buildPhases = (
				DDD1B85529ABEACE00FEC5B2 /* Sources */,
				DDD1B85629ABEACE00FEC5B2 /* Frameworks */,
				DDD1B85729ABEACE00FEC5B2 /* Resources */,
			);
			buildRules = (
			);
			dependencies = (
			);
			name = "JSONpractice v.2";
			packageProductDependencies = (
				DDD1B87129ABEAF600FEC5B2 /* SnapKit */,
			);
			productName = "JSONpractice v.2";
			productReference = DDD1B85929ABEACE00FEC5B2 /* JSONpractice v.2.app */;
			productType = "com.apple.product-type.application";
		};
/* End PBXNativeTarget section */

/* Begin PBXProject section */
		DDD1B85129ABEACE00FEC5B2 /* Project object */ = {
			isa = PBXProject;
			attributes = {
				BuildIndependentTargetsInParallel = 1;
				LastSwiftUpdateCheck = 1420;
				LastUpgradeCheck = 1420;
				TargetAttributes = {
					DDD1B85829ABEACE00FEC5B2 = {
						CreatedOnToolsVersion = 14.2;
					};
				};
			};
			buildConfigurationList = DDD1B85429ABEACE00FEC5B2 /* Build configuration list for PBXProject "JSONpractice v.2" */;
			compatibilityVersion = "Xcode 14.0";
			developmentRegion = en;
			hasScannedForEncodings = 0;
			knownRegions = (
				en,
				Base,
			);
			mainGroup = DDD1B85029ABEACE00FEC5B2;
			packageReferences = (
				DDD1B87029ABEAF600FEC5B2 /* XCRemoteSwiftPackageReference "SnapKit" */,
			);
			productRefGroup = DDD1B85A29ABEACE00FEC5B2 /* Products */;
			projectDirPath = "";
			projectRoot = "";
			targets = (
				DDD1B85829ABEACE00FEC5B2 /* JSONpractice v.2 */,
			);
		};
/* End PBXProject section */

/* Begin PBXResourcesBuildPhase section */
		DDD1B85729ABEACE00FEC5B2 /* Resources */ = {
			isa = PBXResourcesBuildPhase;
			buildActionMask = 2147483647;
			files = (
				DDD1B86929ABEAD000FEC5B2 /* LaunchScreen.storyboard in Resources */,
				DDD1B86629ABEAD000FEC5B2 /* Assets.xcassets in Resources */,
				DDD1B86429ABEACE00FEC5B2 /* Main.storyboard in Resources */,
			);
			runOnlyForDeploymentPostprocessing = 0;
		};
/* End PBXResourcesBuildPhase section */

/* Begin PBXSourcesBuildPhase section */
		DDD1B85529ABEACE00FEC5B2 /* Sources */ = {
			isa = PBXSourcesBuildPhase;
			buildActionMask = 2147483647;
			files = (
				DDD1B87429ABEB9300FEC5B2 /* APIManager.swift in Sources */,
				DDD1B87629ABF00900FEC5B2 /* WeatherData.swift in Sources */,
				DDD1B86129ABEACE00FEC5B2 /* ViewController.swift in Sources */,
				DDD1B85D29ABEACE00FEC5B2 /* AppDelegate.swift in Sources */,
				DDD1B85F29ABEACE00FEC5B2 /* SceneDelegate.swift in Sources */,
			);
			runOnlyForDeploymentPostprocessing = 0;
		};
/* End PBXSourcesBuildPhase section */

/* Begin PBXVariantGroup section */
		DDD1B86229ABEACE00FEC5B2 /* Main.storyboard */ = {
			isa = PBXVariantGroup;
			children = (
				DDD1B86329ABEACE00FEC5B2 /* Base */,
			);
			name = Main.storyboard;
			sourceTree = "<group>";
		};
		DDD1B86729ABEAD000FEC5B2 /* LaunchScreen.storyboard */ = {
			isa = PBXVariantGroup;
			children = (
				DDD1B86829ABEAD000FEC5B2 /* Base */,
			);
			name = LaunchScreen.storyboard;
			sourceTree = "<group>";
		};
/* End PBXVariantGroup section */

/* Begin XCBuildConfiguration section */
		DDD1B86B29ABEAD000FEC5B2 /* Debug */ = {
			isa = XCBuildConfiguration;
			buildSettings = {
				ALWAYS_SEARCH_USER_PATHS = NO;
				CLANG_ANALYZER_NONNULL = YES;
				CLANG_ANALYZER_NUMBER_OBJECT_CONVERSION = YES_AGGRESSIVE;
				CLANG_CXX_LANGUAGE_STANDARD = "gnu++20";
				CLANG_ENABLE_MODULES = YES;
				CLANG_ENABLE_OBJC_ARC = YES;
				CLANG_ENABLE_OBJC_WEAK = YES;
				CLANG_WARN_BLOCK_CAPTURE_AUTORELEASING = YES;
				CLANG_WARN_BOOL_CONVERSION = YES;
				CLANG_WARN_COMMA = YES;
				CLANG_WARN_CONSTANT_CONVERSION = YES;
				CLANG_WARN_DEPRECATED_OBJC_IMPLEMENTATIONS = YES;
				CLANG_WARN_DIRECT_OBJC_ISA_USAGE = YES_ERROR;
				CLANG_WARN_DOCUMENTATION_COMMENTS = YES;
				CLANG_WARN_EMPTY_BODY = YES;
				CLANG_WARN_ENUM_CONVERSION = YES;
				CLANG_WARN_INFINITE_RECURSION = YES;
				CLANG_WARN_INT_CONVERSION = YES;
				CLANG_WARN_NON_LITERAL_NULL_CONVERSION = YES;
				CLANG_WARN_OBJC_IMPLICIT_RETAIN_SELF = YES;
				CLANG_WARN_OBJC_LITERAL_CONVERSION = YES;
				CLANG_WARN_OBJC_ROOT_CLASS = YES_ERROR;
				CLANG_WARN_QUOTED_INCLUDE_IN_FRAMEWORK_HEADER = YES;
				CLANG_WARN_RANGE_LOOP_ANALYSIS = YES;
				CLANG_WARN_STRICT_PROTOTYPES = YES;
				CLANG_WARN_SUSPICIOUS_MOVE = YES;
				CLANG_WARN_UNGUARDED_AVAILABILITY = YES_AGGRESSIVE;
				CLANG_WARN_UNREACHABLE_CODE = YES;
				CLANG_WARN__DUPLICATE_METHOD_MATCH = YES;
				COPY_PHASE_STRIP = NO;
				DEBUG_INFORMATION_FORMAT = dwarf;
				ENABLE_STRICT_OBJC_MSGSEND = YES;
				ENABLE_TESTABILITY = YES;
				GCC_C_LANGUAGE_STANDARD = gnu11;
				GCC_DYNAMIC_NO_PIC = NO;
				GCC_NO_COMMON_BLOCKS = YES;
				GCC_OPTIMIZATION_LEVEL = 0;
				GCC_PREPROCESSOR_DEFINITIONS = (
					"DEBUG=1",
					"$(inherited)",
				);
				GCC_WARN_64_TO_32_BIT_CONVERSION = YES;
				GCC_WARN_ABOUT_RETURN_TYPE = YES_ERROR;
				GCC_WARN_UNDECLARED_SELECTOR = YES;
				GCC_WARN_UNINITIALIZED_AUTOS = YES_AGGRESSIVE;
				GCC_WARN_UNUSED_FUNCTION = YES;
				GCC_WARN_UNUSED_VARIABLE = YES;
				IPHONEOS_DEPLOYMENT_TARGET = 16.2;
				MTL_ENABLE_DEBUG_INFO = INCLUDE_SOURCE;
				MTL_FAST_MATH = YES;
				ONLY_ACTIVE_ARCH = YES;
				SDKROOT = iphoneos;
				SWIFT_ACTIVE_COMPILATION_CONDITIONS = DEBUG;
				SWIFT_OPTIMIZATION_LEVEL = "-Onone";
			};
			name = Debug;
		};
		DDD1B86C29ABEAD000FEC5B2 /* Release */ = {
			isa = XCBuildConfiguration;
			buildSettings = {
				ALWAYS_SEARCH_USER_PATHS = NO;
				CLANG_ANALYZER_NONNULL = YES;
				CLANG_ANALYZER_NUMBER_OBJECT_CONVERSION = YES_AGGRESSIVE;
				CLANG_CXX_LANGUAGE_STANDARD = "gnu++20";
				CLANG_ENABLE_MODULES = YES;
				CLANG_ENABLE_OBJC_ARC = YES;
				CLANG_ENABLE_OBJC_WEAK = YES;
				CLANG_WARN_BLOCK_CAPTURE_AUTORELEASING = YES;
				CLANG_WARN_BOOL_CONVERSION = YES;
				CLANG_WARN_COMMA = YES;
				CLANG_WARN_CONSTANT_CONVERSION = YES;
				CLANG_WARN_DEPRECATED_OBJC_IMPLEMENTATIONS = YES;
				CLANG_WARN_DIRECT_OBJC_ISA_USAGE = YES_ERROR;
				CLANG_WARN_DOCUMENTATION_COMMENTS = YES;
				CLANG_WARN_EMPTY_BODY = YES;
				CLANG_WARN_ENUM_CONVERSION = YES;
				CLANG_WARN_INFINITE_RECURSION = YES;
				CLANG_WARN_INT_CONVERSION = YES;
				CLANG_WARN_NON_LITERAL_NULL_CONVERSION = YES;
				CLANG_WARN_OBJC_IMPLICIT_RETAIN_SELF = YES;
				CLANG_WARN_OBJC_LITERAL_CONVERSION = YES;
				CLANG_WARN_OBJC_ROOT_CLASS = YES_ERROR;
				CLANG_WARN_QUOTED_INCLUDE_IN_FRAMEWORK_HEADER = YES;
				CLANG_WARN_RANGE_LOOP_ANALYSIS = YES;
				CLANG_WARN_STRICT_PROTOTYPES = YES;
				CLANG_WARN_SUSPICIOUS_MOVE = YES;
				CLANG_WARN_UNGUARDED_AVAILABILITY = YES_AGGRESSIVE;
				CLANG_WARN_UNREACHABLE_CODE = YES;
				CLANG_WARN__DUPLICATE_METHOD_MATCH = YES;
				COPY_PHASE_STRIP = NO;
				DEBUG_INFORMATION_FORMAT = "dwarf-with-dsym";
				ENABLE_NS_ASSERTIONS = NO;
				ENABLE_STRICT_OBJC_MSGSEND = YES;
				GCC_C_LANGUAGE_STANDARD = gnu11;
				GCC_NO_COMMON_BLOCKS = YES;
				GCC_WARN_64_TO_32_BIT_CONVERSION = YES;
				GCC_WARN_ABOUT_RETURN_TYPE = YES_ERROR;
				GCC_WARN_UNDECLARED_SELECTOR = YES;
				GCC_WARN_UNINITIALIZED_AUTOS = YES_AGGRESSIVE;
				GCC_WARN_UNUSED_FUNCTION = YES;
				GCC_WARN_UNUSED_VARIABLE = YES;
				IPHONEOS_DEPLOYMENT_TARGET = 16.2;
				MTL_ENABLE_DEBUG_INFO = NO;
				MTL_FAST_MATH = YES;
				SDKROOT = iphoneos;
				SWIFT_COMPILATION_MODE = wholemodule;
				SWIFT_OPTIMIZATION_LEVEL = "-O";
				VALIDATE_PRODUCT = YES;
			};
			name = Release;
		};
		DDD1B86E29ABEAD000FEC5B2 /* Debug */ = {
			isa = XCBuildConfiguration;
			buildSettings = {
				ASSETCATALOG_COMPILER_APPICON_NAME = AppIcon;
				ASSETCATALOG_COMPILER_GLOBAL_ACCENT_COLOR_NAME = AccentColor;
				CODE_SIGN_STYLE = Automatic;
				CURRENT_PROJECT_VERSION = 1;
				DEVELOPMENT_TEAM = 7YW3V66545;
				GENERATE_INFOPLIST_FILE = YES;
				INFOPLIST_FILE = "JSONpractice v.2/Info.plist";
				INFOPLIST_KEY_UIApplicationSupportsIndirectInputEvents = YES;
				INFOPLIST_KEY_UILaunchStoryboardName = LaunchScreen;
				INFOPLIST_KEY_UIMainStoryboardFile = Main;
				INFOPLIST_KEY_UISupportedInterfaceOrientations = UIInterfaceOrientationPortrait;
				INFOPLIST_KEY_UISupportedInterfaceOrientations_iPad = "UIInterfaceOrientationLandscapeLeft UIInterfaceOrientationLandscapeRight UIInterfaceOrientationPortrait UIInterfaceOrientationPortraitUpsideDown";
				IPHONEOS_DEPLOYMENT_TARGET = 13.0;
				LD_RUNPATH_SEARCH_PATHS = (
					"$(inherited)",
					"@executable_path/Frameworks",
				);
				MARKETING_VERSION = 1.0;
				PRODUCT_BUNDLE_IDENTIFIER = "HieroniusTeam.JSONpractice-v-2";
				PRODUCT_NAME = "$(TARGET_NAME)";
				SUPPORTED_PLATFORMS = "iphoneos iphonesimulator";
				SUPPORTS_MACCATALYST = NO;
				SUPPORTS_MAC_DESIGNED_FOR_IPHONE_IPAD = NO;
				SWIFT_EMIT_LOC_STRINGS = YES;
				SWIFT_VERSION = 5.0;
				TARGETED_DEVICE_FAMILY = 1;
			};
			name = Debug;
		};
		DDD1B86F29ABEAD000FEC5B2 /* Release */ = {
			isa = XCBuildConfiguration;
			buildSettings = {
				ASSETCATALOG_COMPILER_APPICON_NAME = AppIcon;
				ASSETCATALOG_COMPILER_GLOBAL_ACCENT_COLOR_NAME = AccentColor;
				CODE_SIGN_STYLE = Automatic;
				CURRENT_PROJECT_VERSION = 1;
				DEVELOPMENT_TEAM = 7YW3V66545;
				GENERATE_INFOPLIST_FILE = YES;
				INFOPLIST_FILE = "JSONpractice v.2/Info.plist";
				INFOPLIST_KEY_UIApplicationSupportsIndirectInputEvents = YES;
				INFOPLIST_KEY_UILaunchStoryboardName = LaunchScreen;
				INFOPLIST_KEY_UIMainStoryboardFile = Main;
				INFOPLIST_KEY_UISupportedInterfaceOrientations = UIInterfaceOrientationPortrait;
				INFOPLIST_KEY_UISupportedInterfaceOrientations_iPad = "UIInterfaceOrientationLandscapeLeft UIInterfaceOrientationLandscapeRight UIInterfaceOrientationPortrait UIInterfaceOrientationPortraitUpsideDown";
				IPHONEOS_DEPLOYMENT_TARGET = 13.0;
				LD_RUNPATH_SEARCH_PATHS = (
					"$(inherited)",
					"@executable_path/Frameworks",
				);
				MARKETING_VERSION = 1.0;
				PRODUCT_BUNDLE_IDENTIFIER = "HieroniusTeam.JSONpractice-v-2";
				PRODUCT_NAME = "$(TARGET_NAME)";
				SUPPORTED_PLATFORMS = "iphoneos iphonesimulator";
				SUPPORTS_MACCATALYST = NO;
				SUPPORTS_MAC_DESIGNED_FOR_IPHONE_IPAD = NO;
				SWIFT_EMIT_LOC_STRINGS = YES;
				SWIFT_VERSION = 5.0;
				TARGETED_DEVICE_FAMILY = 1;
			};
			name = Release;
		};
/* End XCBuildConfiguration section */

/* Begin XCConfigurationList section */
		DDD1B85429ABEACE00FEC5B2 /* Build configuration list for PBXProject "JSONpractice v.2" */ = {
			isa = XCConfigurationList;
			buildConfigurations = (
				DDD1B86B29ABEAD000FEC5B2 /* Debug */,
				DDD1B86C29ABEAD000FEC5B2 /* Release */,
			);
			defaultConfigurationIsVisible = 0;
			defaultConfigurationName = Release;
		};
		DDD1B86D29ABEAD000FEC5B2 /* Build configuration list for PBXNativeTarget "JSONpractice v.2" */ = {
			isa = XCConfigurationList;
			buildConfigurations = (
				DDD1B86E29ABEAD000FEC5B2 /* Debug */,
				DDD1B86F29ABEAD000FEC5B2 /* Release */,
			);
			defaultConfigurationIsVisible = 0;
			defaultConfigurationName = Release;
		};
/* End XCConfigurationList section */

/* Begin XCRemoteSwiftPackageReference section */
		DDD1B87029ABEAF600FEC5B2 /* XCRemoteSwiftPackageReference "SnapKit" */ = {
			isa = XCRemoteSwiftPackageReference;
			repositoryURL = "https://github.com/SnapKit/SnapKit.git";
			requirement = {
				branch = develop;
				kind = branch;
			};
		};
/* End XCRemoteSwiftPackageReference section */

/* Begin XCSwiftPackageProductDependency section */
		DDD1B87129ABEAF600FEC5B2 /* SnapKit */ = {
			isa = XCSwiftPackageProductDependency;
			package = DDD1B87029ABEAF600FEC5B2 /* XCRemoteSwiftPackageReference "SnapKit" */;
			productName = SnapKit;
		};
/* End XCSwiftPackageProductDependency section */
	};
	rootObject = DDD1B85129ABEACE00FEC5B2 /* Project object */;
}
