// !$*UTF8*$!
{
	archiveVersion = 1;
	classes = {
	};
	objectVersion = 56;
	objects = {

/* Begin PBXBuildFile section */
		DD7AF4B7299AB2200071AAFA /* AppDelegate.swift in Sources */ = {isa = PBXBuildFile; fileRef = DD7AF4B6299AB2200071AAFA /* AppDelegate.swift */; };
		DD7AF4B9299AB2200071AAFA /* SceneDelegate.swift in Sources */ = {isa = PBXBuildFile; fileRef = DD7AF4B8299AB2200071AAFA /* SceneDelegate.swift */; };
		DD7AF4BB299AB2200071AAFA /* ViewController.swift in Sources */ = {isa = PBXBuildFile; fileRef = DD7AF4BA299AB2200071AAFA /* ViewController.swift */; };
		DD7AF4BE299AB2200071AAFA /* Main.storyboard in Resources */ = {isa = PBXBuildFile; fileRef = DD7AF4BC299AB2200071AAFA /* Main.storyboard */; };
		DD7AF4C0299AB2260071AAFA /* Assets.xcassets in Resources */ = {isa = PBXBuildFile; fileRef = DD7AF4BF299AB2260071AAFA /* Assets.xcassets */; };
		DD7AF4C3299AB2260071AAFA /* LaunchScreen.storyboard in Resources */ = {isa = PBXBuildFile; fileRef = DD7AF4C1299AB2260071AAFA /* LaunchScreen.storyboard */; };
		DDC98993299D66F000FEC959 /* Tabbar.storyboard in Resources */ = {isa = PBXBuildFile; fileRef = DDC98992299D66F000FEC959 /* Tabbar.storyboard */; };
		DDC98995299D701F00FEC959 /* TabbarController.swift in Sources */ = {isa = PBXBuildFile; fileRef = DDC98994299D701F00FEC959 /* TabbarController.swift */; };
		DDC989FB299EAE1A00FEC959 /* NewsViewController.swift in Sources */ = {isa = PBXBuildFile; fileRef = DDC989FA299EAE1900FEC959 /* NewsViewController.swift */; };
		DDC989FD299EAE3F00FEC959 /* MapViewController.swift in Sources */ = {isa = PBXBuildFile; fileRef = DDC989FC299EAE3F00FEC959 /* MapViewController.swift */; };
		DDC989FF299EAE5300FEC959 /* FavouriteViewController.swift in Sources */ = {isa = PBXBuildFile; fileRef = DDC989FE299EAE5300FEC959 /* FavouriteViewController.swift */; };
		DDC98A01299EAE6700FEC959 /* ProfileViewController.swift in Sources */ = {isa = PBXBuildFile; fileRef = DDC98A00299EAE6700FEC959 /* ProfileViewController.swift */; };
/* End PBXBuildFile section */

/* Begin PBXFileReference section */
		DD7AF4B3299AB2200071AAFA /* NewsApp with Storyboard.app */ = {isa = PBXFileReference; explicitFileType = wrapper.application; includeInIndex = 0; path = "NewsApp with Storyboard.app"; sourceTree = BUILT_PRODUCTS_DIR; };
		DD7AF4B6299AB2200071AAFA /* AppDelegate.swift */ = {isa = PBXFileReference; lastKnownFileType = sourcecode.swift; path = AppDelegate.swift; sourceTree = "<group>"; };
		DD7AF4B8299AB2200071AAFA /* SceneDelegate.swift */ = {isa = PBXFileReference; lastKnownFileType = sourcecode.swift; path = SceneDelegate.swift; sourceTree = "<group>"; };
		DD7AF4BA299AB2200071AAFA /* ViewController.swift */ = {isa = PBXFileReference; lastKnownFileType = sourcecode.swift; path = ViewController.swift; sourceTree = "<group>"; };
		DD7AF4BD299AB2200071AAFA /* Base */ = {isa = PBXFileReference; lastKnownFileType = file.storyboard; name = Base; path = Base.lproj/Main.storyboard; sourceTree = "<group>"; };
		DD7AF4BF299AB2260071AAFA /* Assets.xcassets */ = {isa = PBXFileReference; lastKnownFileType = folder.assetcatalog; path = Assets.xcassets; sourceTree = "<group>"; };
		DD7AF4C2299AB2260071AAFA /* Base */ = {isa = PBXFileReference; lastKnownFileType = file.storyboard; name = Base; path = Base.lproj/LaunchScreen.storyboard; sourceTree = "<group>"; };
		DD7AF4C4299AB2260071AAFA /* Info.plist */ = {isa = PBXFileReference; lastKnownFileType = text.plist.xml; path = Info.plist; sourceTree = "<group>"; };
		DDC98992299D66F000FEC959 /* Tabbar.storyboard */ = {isa = PBXFileReference; lastKnownFileType = file.storyboard; path = Tabbar.storyboard; sourceTree = "<group>"; };
		DDC98994299D701F00FEC959 /* TabbarController.swift */ = {isa = PBXFileReference; lastKnownFileType = sourcecode.swift; path = TabbarController.swift; sourceTree = "<group>"; };
		DDC989FA299EAE1900FEC959 /* NewsViewController.swift */ = {isa = PBXFileReference; lastKnownFileType = sourcecode.swift; path = NewsViewController.swift; sourceTree = "<group>"; };
		DDC989FC299EAE3F00FEC959 /* MapViewController.swift */ = {isa = PBXFileReference; lastKnownFileType = sourcecode.swift; path = MapViewController.swift; sourceTree = "<group>"; };
		DDC989FE299EAE5300FEC959 /* FavouriteViewController.swift */ = {isa = PBXFileReference; lastKnownFileType = sourcecode.swift; path = FavouriteViewController.swift; sourceTree = "<group>"; };
		DDC98A00299EAE6700FEC959 /* ProfileViewController.swift */ = {isa = PBXFileReference; lastKnownFileType = sourcecode.swift; path = ProfileViewController.swift; sourceTree = "<group>"; };
/* End PBXFileReference section */

/* Begin PBXFrameworksBuildPhase section */
		DD7AF4B0299AB2200071AAFA /* Frameworks */ = {
			isa = PBXFrameworksBuildPhase;
			buildActionMask = 2147483647;
			files = (
			);
			runOnlyForDeploymentPostprocessing = 0;
		};
/* End PBXFrameworksBuildPhase section */

/* Begin PBXGroup section */
		DD7AF4AA299AB2200071AAFA = {
			isa = PBXGroup;
			children = (
				DD7AF4B5299AB2200071AAFA /* NewsApp with Storyboard */,
				DD7AF4B4299AB2200071AAFA /* Products */,
			);
			sourceTree = "<group>";
		};
		DD7AF4B4299AB2200071AAFA /* Products */ = {
			isa = PBXGroup;
			children = (
				DD7AF4B3299AB2200071AAFA /* NewsApp with Storyboard.app */,
			);
			name = Products;
			sourceTree = "<group>";
		};
		DD7AF4B5299AB2200071AAFA /* NewsApp with Storyboard */ = {
			isa = PBXGroup;
			children = (
				DDC9898E299D57BD00FEC959 /* Application */,
				DDC98990299D580100FEC959 /* MainViewController */,
				DDC98991299D66AD00FEC959 /* Tabbar */,
				DDC9898F299D57E800FEC959 /* Resources */,
				DD7AF4C4299AB2260071AAFA /* Info.plist */,
			);
			path = "NewsApp with Storyboard";
			sourceTree = "<group>";
		};
		DDC9898E299D57BD00FEC959 /* Application */ = {
			isa = PBXGroup;
			children = (
				DD7AF4B6299AB2200071AAFA /* AppDelegate.swift */,
				DD7AF4B8299AB2200071AAFA /* SceneDelegate.swift */,
			);
			path = Application;
			sourceTree = "<group>";
		};
		DDC9898F299D57E800FEC959 /* Resources */ = {
			isa = PBXGroup;
			children = (
				DD7AF4BF299AB2260071AAFA /* Assets.xcassets */,
				DD7AF4C1299AB2260071AAFA /* LaunchScreen.storyboard */,
			);
			path = Resources;
			sourceTree = "<group>";
		};
		DDC98990299D580100FEC959 /* MainViewController */ = {
			isa = PBXGroup;
			children = (
				DD7AF4BA299AB2200071AAFA /* ViewController.swift */,
				DD7AF4BC299AB2200071AAFA /* Main.storyboard */,
			);
			path = MainViewController;
			sourceTree = "<group>";
		};
		DDC98991299D66AD00FEC959 /* Tabbar */ = {
			isa = PBXGroup;
			children = (
				DDC989F6299EAD0600FEC959 /* News */,
				DDC989F7299EAD1A00FEC959 /* Map */,
				DDC989F8299EAD2A00FEC959 /* Favourite */,
				DDC989F9299EAD5100FEC959 /* Profile */,
				DDC98992299D66F000FEC959 /* Tabbar.storyboard */,
				DDC98994299D701F00FEC959 /* TabbarController.swift */,
			);
			path = Tabbar;
			sourceTree = "<group>";
		};
		DDC989F6299EAD0600FEC959 /* News */ = {
			isa = PBXGroup;
			children = (
				DDC989FA299EAE1900FEC959 /* NewsViewController.swift */,
			);
			path = News;
			sourceTree = "<group>";
		};
		DDC989F7299EAD1A00FEC959 /* Map */ = {
			isa = PBXGroup;
			children = (
				DDC989FC299EAE3F00FEC959 /* MapViewController.swift */,
			);
			path = Map;
			sourceTree = "<group>";
		};
		DDC989F8299EAD2A00FEC959 /* Favourite */ = {
			isa = PBXGroup;
			children = (
				DDC989FE299EAE5300FEC959 /* FavouriteViewController.swift */,
			);
			path = Favourite;
			sourceTree = "<group>";
		};
		DDC989F9299EAD5100FEC959 /* Profile */ = {
			isa = PBXGroup;
			children = (
				DDC98A00299EAE6700FEC959 /* ProfileViewController.swift */,
			);
			path = Profile;
			sourceTree = "<group>";
		};
/* End PBXGroup section */

/* Begin PBXNativeTarget section */
		DD7AF4B2299AB2200071AAFA /* NewsApp with Storyboard */ = {
			isa = PBXNativeTarget;
			buildConfigurationList = DD7AF4C7299AB2260071AAFA /* Build configuration list for PBXNativeTarget "NewsApp with Storyboard" */;
			buildPhases = (
				DD7AF4AF299AB2200071AAFA /* Sources */,
				DD7AF4B0299AB2200071AAFA /* Frameworks */,
				DD7AF4B1299AB2200071AAFA /* Resources */,
			);
			buildRules = (
			);
			dependencies = (
			);
			name = "NewsApp with Storyboard";
			productName = "NewsApp with Storyboard";
			productReference = DD7AF4B3299AB2200071AAFA /* NewsApp with Storyboard.app */;
			productType = "com.apple.product-type.application";
		};
/* End PBXNativeTarget section */

/* Begin PBXProject section */
		DD7AF4AB299AB2200071AAFA /* Project object */ = {
			isa = PBXProject;
			attributes = {
				BuildIndependentTargetsInParallel = 1;
				LastSwiftUpdateCheck = 1420;
				LastUpgradeCheck = 1420;
				TargetAttributes = {
					DD7AF4B2299AB2200071AAFA = {
						CreatedOnToolsVersion = 14.2;
					};
				};
			};
			buildConfigurationList = DD7AF4AE299AB2200071AAFA /* Build configuration list for PBXProject "NewsApp with Storyboard" */;
			compatibilityVersion = "Xcode 14.0";
			developmentRegion = en;
			hasScannedForEncodings = 0;
			knownRegions = (
				en,
				Base,
			);
			mainGroup = DD7AF4AA299AB2200071AAFA;
			productRefGroup = DD7AF4B4299AB2200071AAFA /* Products */;
			projectDirPath = "";
			projectRoot = "";
			targets = (
				DD7AF4B2299AB2200071AAFA /* NewsApp with Storyboard */,
			);
		};
/* End PBXProject section */

/* Begin PBXResourcesBuildPhase section */
		DD7AF4B1299AB2200071AAFA /* Resources */ = {
			isa = PBXResourcesBuildPhase;
			buildActionMask = 2147483647;
			files = (
				DDC98993299D66F000FEC959 /* Tabbar.storyboard in Resources */,
				DD7AF4C3299AB2260071AAFA /* LaunchScreen.storyboard in Resources */,
				DD7AF4C0299AB2260071AAFA /* Assets.xcassets in Resources */,
				DD7AF4BE299AB2200071AAFA /* Main.storyboard in Resources */,
			);
			runOnlyForDeploymentPostprocessing = 0;
		};
/* End PBXResourcesBuildPhase section */

/* Begin PBXSourcesBuildPhase section */
		DD7AF4AF299AB2200071AAFA /* Sources */ = {
			isa = PBXSourcesBuildPhase;
			buildActionMask = 2147483647;
			files = (
				DD7AF4BB299AB2200071AAFA /* ViewController.swift in Sources */,
				DDC989FD299EAE3F00FEC959 /* MapViewController.swift in Sources */,
				DDC98995299D701F00FEC959 /* TabbarController.swift in Sources */,
				DD7AF4B7299AB2200071AAFA /* AppDelegate.swift in Sources */,
				DDC989FF299EAE5300FEC959 /* FavouriteViewController.swift in Sources */,
				DDC989FB299EAE1A00FEC959 /* NewsViewController.swift in Sources */,
				DDC98A01299EAE6700FEC959 /* ProfileViewController.swift in Sources */,
				DD7AF4B9299AB2200071AAFA /* SceneDelegate.swift in Sources */,
			);
			runOnlyForDeploymentPostprocessing = 0;
		};
/* End PBXSourcesBuildPhase section */

/* Begin PBXVariantGroup section */
		DD7AF4BC299AB2200071AAFA /* Main.storyboard */ = {
			isa = PBXVariantGroup;
			children = (
				DD7AF4BD299AB2200071AAFA /* Base */,
			);
			name = Main.storyboard;
			sourceTree = "<group>";
		};
		DD7AF4C1299AB2260071AAFA /* LaunchScreen.storyboard */ = {
			isa = PBXVariantGroup;
			children = (
				DD7AF4C2299AB2260071AAFA /* Base */,
			);
			name = LaunchScreen.storyboard;
			sourceTree = "<group>";
		};
/* End PBXVariantGroup section */

/* Begin XCBuildConfiguration section */
		DD7AF4C5299AB2260071AAFA /* Debug */ = {
			isa = XCBuildConfiguration;
			buildSettings = {
				ALWAYS_SEARCH_USER_PATHS = NO;
				CLANG_ANALYZER_NONNULL = YES;
				CLANG_ANALYZER_NUMBER_OBJECT_CONVERSION = YES_AGGRESSIVE;
				CLANG_CXX_LANGUAGE_STANDARD = "gnu++20";
				CLANG_ENABLE_MODULES = YES;
				CLANG_ENABLE_OBJC_ARC = YES;
				CLANG_ENABLE_OBJC_WEAK = YES;
				CLANG_WARN_BLOCK_CAPTURE_AUTORELEASING = YES;
				CLANG_WARN_BOOL_CONVERSION = YES;
				CLANG_WARN_COMMA = YES;
				CLANG_WARN_CONSTANT_CONVERSION = YES;
				CLANG_WARN_DEPRECATED_OBJC_IMPLEMENTATIONS = YES;
				CLANG_WARN_DIRECT_OBJC_ISA_USAGE = YES_ERROR;
				CLANG_WARN_DOCUMENTATION_COMMENTS = YES;
				CLANG_WARN_EMPTY_BODY = YES;
				CLANG_WARN_ENUM_CONVERSION = YES;
				CLANG_WARN_INFINITE_RECURSION = YES;
				CLANG_WARN_INT_CONVERSION = YES;
				CLANG_WARN_NON_LITERAL_NULL_CONVERSION = YES;
				CLANG_WARN_OBJC_IMPLICIT_RETAIN_SELF = YES;
				CLANG_WARN_OBJC_LITERAL_CONVERSION = YES;
				CLANG_WARN_OBJC_ROOT_CLASS = YES_ERROR;
				CLANG_WARN_QUOTED_INCLUDE_IN_FRAMEWORK_HEADER = YES;
				CLANG_WARN_RANGE_LOOP_ANALYSIS = YES;
				CLANG_WARN_STRICT_PROTOTYPES = YES;
				CLANG_WARN_SUSPICIOUS_MOVE = YES;
				CLANG_WARN_UNGUARDED_AVAILABILITY = YES_AGGRESSIVE;
				CLANG_WARN_UNREACHABLE_CODE = YES;
				CLANG_WARN__DUPLICATE_METHOD_MATCH = YES;
				COPY_PHASE_STRIP = NO;
				DEBUG_INFORMATION_FORMAT = dwarf;
				ENABLE_STRICT_OBJC_MSGSEND = YES;
				ENABLE_TESTABILITY = YES;
				GCC_C_LANGUAGE_STANDARD = gnu11;
				GCC_DYNAMIC_NO_PIC = NO;
				GCC_NO_COMMON_BLOCKS = YES;
				GCC_OPTIMIZATION_LEVEL = 0;
				GCC_PREPROCESSOR_DEFINITIONS = (
					"DEBUG=1",
					"$(inherited)",
				);
				GCC_WARN_64_TO_32_BIT_CONVERSION = YES;
				GCC_WARN_ABOUT_RETURN_TYPE = YES_ERROR;
				GCC_WARN_UNDECLARED_SELECTOR = YES;
				GCC_WARN_UNINITIALIZED_AUTOS = YES_AGGRESSIVE;
				GCC_WARN_UNUSED_FUNCTION = YES;
				GCC_WARN_UNUSED_VARIABLE = YES;
				IPHONEOS_DEPLOYMENT_TARGET = 16.2;
				MTL_ENABLE_DEBUG_INFO = INCLUDE_SOURCE;
				MTL_FAST_MATH = YES;
				ONLY_ACTIVE_ARCH = YES;
				SDKROOT = iphoneos;
				SWIFT_ACTIVE_COMPILATION_CONDITIONS = DEBUG;
				SWIFT_OPTIMIZATION_LEVEL = "-Onone";
			};
			name = Debug;
		};
		DD7AF4C6299AB2260071AAFA /* Release */ = {
			isa = XCBuildConfiguration;
			buildSettings = {
				ALWAYS_SEARCH_USER_PATHS = NO;
				CLANG_ANALYZER_NONNULL = YES;
				CLANG_ANALYZER_NUMBER_OBJECT_CONVERSION = YES_AGGRESSIVE;
				CLANG_CXX_LANGUAGE_STANDARD = "gnu++20";
				CLANG_ENABLE_MODULES = YES;
				CLANG_ENABLE_OBJC_ARC = YES;
				CLANG_ENABLE_OBJC_WEAK = YES;
				CLANG_WARN_BLOCK_CAPTURE_AUTORELEASING = YES;
				CLANG_WARN_BOOL_CONVERSION = YES;
				CLANG_WARN_COMMA = YES;
				CLANG_WARN_CONSTANT_CONVERSION = YES;
				CLANG_WARN_DEPRECATED_OBJC_IMPLEMENTATIONS = YES;
				CLANG_WARN_DIRECT_OBJC_ISA_USAGE = YES_ERROR;
				CLANG_WARN_DOCUMENTATION_COMMENTS = YES;
				CLANG_WARN_EMPTY_BODY = YES;
				CLANG_WARN_ENUM_CONVERSION = YES;
				CLANG_WARN_INFINITE_RECURSION = YES;
				CLANG_WARN_INT_CONVERSION = YES;
				CLANG_WARN_NON_LITERAL_NULL_CONVERSION = YES;
				CLANG_WARN_OBJC_IMPLICIT_RETAIN_SELF = YES;
				CLANG_WARN_OBJC_LITERAL_CONVERSION = YES;
				CLANG_WARN_OBJC_ROOT_CLASS = YES_ERROR;
				CLANG_WARN_QUOTED_INCLUDE_IN_FRAMEWORK_HEADER = YES;
				CLANG_WARN_RANGE_LOOP_ANALYSIS = YES;
				CLANG_WARN_STRICT_PROTOTYPES = YES;
				CLANG_WARN_SUSPICIOUS_MOVE = YES;
				CLANG_WARN_UNGUARDED_AVAILABILITY = YES_AGGRESSIVE;
				CLANG_WARN_UNREACHABLE_CODE = YES;
				CLANG_WARN__DUPLICATE_METHOD_MATCH = YES;
				COPY_PHASE_STRIP = NO;
				DEBUG_INFORMATION_FORMAT = "dwarf-with-dsym";
				ENABLE_NS_ASSERTIONS = NO;
				ENABLE_STRICT_OBJC_MSGSEND = YES;
				GCC_C_LANGUAGE_STANDARD = gnu11;
				GCC_NO_COMMON_BLOCKS = YES;
				GCC_WARN_64_TO_32_BIT_CONVERSION = YES;
				GCC_WARN_ABOUT_RETURN_TYPE = YES_ERROR;
				GCC_WARN_UNDECLARED_SELECTOR = YES;
				GCC_WARN_UNINITIALIZED_AUTOS = YES_AGGRESSIVE;
				GCC_WARN_UNUSED_FUNCTION = YES;
				GCC_WARN_UNUSED_VARIABLE = YES;
				IPHONEOS_DEPLOYMENT_TARGET = 16.2;
				MTL_ENABLE_DEBUG_INFO = NO;
				MTL_FAST_MATH = YES;
				SDKROOT = iphoneos;
				SWIFT_COMPILATION_MODE = wholemodule;
				SWIFT_OPTIMIZATION_LEVEL = "-O";
				VALIDATE_PRODUCT = YES;
			};
			name = Release;
		};
		DD7AF4C8299AB2260071AAFA /* Debug */ = {
			isa = XCBuildConfiguration;
			buildSettings = {
				ASSETCATALOG_COMPILER_APPICON_NAME = AppIcon;
				ASSETCATALOG_COMPILER_GLOBAL_ACCENT_COLOR_NAME = AccentColor;
				CODE_SIGN_STYLE = Automatic;
				CURRENT_PROJECT_VERSION = 1;
				DEVELOPMENT_TEAM = 7YW3V66545;
				GENERATE_INFOPLIST_FILE = YES;
				INFOPLIST_FILE = "NewsApp with Storyboard/Info.plist";
				INFOPLIST_KEY_UIApplicationSupportsIndirectInputEvents = YES;
				INFOPLIST_KEY_UILaunchStoryboardName = LaunchScreen;
				INFOPLIST_KEY_UIMainStoryboardFile = Main;
				INFOPLIST_KEY_UISupportedInterfaceOrientations = UIInterfaceOrientationPortrait;
				INFOPLIST_KEY_UISupportedInterfaceOrientations_iPad = "UIInterfaceOrientationLandscapeLeft UIInterfaceOrientationLandscapeRight UIInterfaceOrientationPortrait";
				IPHONEOS_DEPLOYMENT_TARGET = 13.0;
				LD_RUNPATH_SEARCH_PATHS = (
					"$(inherited)",
					"@executable_path/Frameworks",
				);
				MARKETING_VERSION = 1.0;
				PRODUCT_BUNDLE_IDENTIFIER = "HieroniusTeam.NewsApp-with-Storyboard";
				PRODUCT_NAME = "$(TARGET_NAME)";
				SUPPORTED_PLATFORMS = "iphoneos iphonesimulator";
				SUPPORTS_MACCATALYST = NO;
				SUPPORTS_MAC_DESIGNED_FOR_IPHONE_IPAD = NO;
				SWIFT_EMIT_LOC_STRINGS = YES;
				SWIFT_VERSION = 5.0;
				TARGETED_DEVICE_FAMILY = 1;
			};
			name = Debug;
		};
		DD7AF4C9299AB2260071AAFA /* Release */ = {
			isa = XCBuildConfiguration;
			buildSettings = {
				ASSETCATALOG_COMPILER_APPICON_NAME = AppIcon;
				ASSETCATALOG_COMPILER_GLOBAL_ACCENT_COLOR_NAME = AccentColor;
				CODE_SIGN_STYLE = Automatic;
				CURRENT_PROJECT_VERSION = 1;
				DEVELOPMENT_TEAM = 7YW3V66545;
				GENERATE_INFOPLIST_FILE = YES;
				INFOPLIST_FILE = "NewsApp with Storyboard/Info.plist";
				INFOPLIST_KEY_UIApplicationSupportsIndirectInputEvents = YES;
				INFOPLIST_KEY_UILaunchStoryboardName = LaunchScreen;
				INFOPLIST_KEY_UIMainStoryboardFile = Main;
				INFOPLIST_KEY_UISupportedInterfaceOrientations = UIInterfaceOrientationPortrait;
				INFOPLIST_KEY_UISupportedInterfaceOrientations_iPad = "UIInterfaceOrientationLandscapeLeft UIInterfaceOrientationLandscapeRight UIInterfaceOrientationPortrait";
				IPHONEOS_DEPLOYMENT_TARGET = 13.0;
				LD_RUNPATH_SEARCH_PATHS = (
					"$(inherited)",
					"@executable_path/Frameworks",
				);
				MARKETING_VERSION = 1.0;
				PRODUCT_BUNDLE_IDENTIFIER = "HieroniusTeam.NewsApp-with-Storyboard";
				PRODUCT_NAME = "$(TARGET_NAME)";
				SUPPORTED_PLATFORMS = "iphoneos iphonesimulator";
				SUPPORTS_MACCATALYST = NO;
				SUPPORTS_MAC_DESIGNED_FOR_IPHONE_IPAD = NO;
				SWIFT_EMIT_LOC_STRINGS = YES;
				SWIFT_VERSION = 5.0;
				TARGETED_DEVICE_FAMILY = 1;
			};
			name = Release;
		};
/* End XCBuildConfiguration section */

/* Begin XCConfigurationList section */
		DD7AF4AE299AB2200071AAFA /* Build configuration list for PBXProject "NewsApp with Storyboard" */ = {
			isa = XCConfigurationList;
			buildConfigurations = (
				DD7AF4C5299AB2260071AAFA /* Debug */,
				DD7AF4C6299AB2260071AAFA /* Release */,
			);
			defaultConfigurationIsVisible = 0;
			defaultConfigurationName = Release;
		};
		DD7AF4C7299AB2260071AAFA /* Build configuration list for PBXNativeTarget "NewsApp with Storyboard" */ = {
			isa = XCConfigurationList;
			buildConfigurations = (
				DD7AF4C8299AB2260071AAFA /* Debug */,
				DD7AF4C9299AB2260071AAFA /* Release */,
			);
			defaultConfigurationIsVisible = 0;
			defaultConfigurationName = Release;
		};
/* End XCConfigurationList section */
	};
	rootObject = DD7AF4AB299AB2200071AAFA /* Project object */;
}
