// !$*UTF8*$!
{
	archiveVersion = 1;
	classes = {
	};
	objectVersion = 56;
	objects = {

/* Begin PBXBuildFile section */
		DDB9B3172979203100BA5E1B /* AppDelegate.swift in Sources */ = {isa = PBXBuildFile; fileRef = DDB9B3162979203100BA5E1B /* AppDelegate.swift */; };
		DDB9B3192979203100BA5E1B /* SceneDelegate.swift in Sources */ = {isa = PBXBuildFile; fileRef = DDB9B3182979203100BA5E1B /* SceneDelegate.swift */; };
		DDB9B31B2979203100BA5E1B /* ViewController.swift in Sources */ = {isa = PBXBuildFile; fileRef = DDB9B31A2979203100BA5E1B /* ViewController.swift */; };
		DDB9B31E2979203100BA5E1B /* Main.storyboard in Resources */ = {isa = PBXBuildFile; fileRef = DDB9B31C2979203100BA5E1B /* Main.storyboard */; };
		DDB9B3202979203600BA5E1B /* Assets.xcassets in Resources */ = {isa = PBXBuildFile; fileRef = DDB9B31F2979203600BA5E1B /* Assets.xcassets */; };
		DDB9B3232979203600BA5E1B /* LaunchScreen.storyboard in Resources */ = {isa = PBXBuildFile; fileRef = DDB9B3212979203600BA5E1B /* LaunchScreen.storyboard */; };
		DDB9B331297923F400BA5E1B /* soundE.wav in Resources */ = {isa = PBXBuildFile; fileRef = DDB9B32A297923F300BA5E1B /* soundE.wav */; };
		DDB9B332297923F400BA5E1B /* soundB.wav in Resources */ = {isa = PBXBuildFile; fileRef = DDB9B32B297923F300BA5E1B /* soundB.wav */; };
		DDB9B333297923F400BA5E1B /* soundF.wav in Resources */ = {isa = PBXBuildFile; fileRef = DDB9B32C297923F300BA5E1B /* soundF.wav */; };
		DDB9B334297923F400BA5E1B /* soundC.wav in Resources */ = {isa = PBXBuildFile; fileRef = DDB9B32D297923F300BA5E1B /* soundC.wav */; };
		DDB9B335297923F400BA5E1B /* soundD.wav in Resources */ = {isa = PBXBuildFile; fileRef = DDB9B32E297923F300BA5E1B /* soundD.wav */; };
		DDB9B336297923F400BA5E1B /* soundA.wav in Resources */ = {isa = PBXBuildFile; fileRef = DDB9B32F297923F400BA5E1B /* soundA.wav */; };
		DDB9B337297923F400BA5E1B /* soundG.wav in Resources */ = {isa = PBXBuildFile; fileRef = DDB9B330297923F400BA5E1B /* soundG.wav */; };
/* End PBXBuildFile section */

/* Begin PBXFileReference section */
		DDB9B3132979203100BA5E1B /* AngelaSoundProjectStoryboard.app */ = {isa = PBXFileReference; explicitFileType = wrapper.application; includeInIndex = 0; path = AngelaSoundProjectStoryboard.app; sourceTree = BUILT_PRODUCTS_DIR; };
		DDB9B3162979203100BA5E1B /* AppDelegate.swift */ = {isa = PBXFileReference; lastKnownFileType = sourcecode.swift; path = AppDelegate.swift; sourceTree = "<group>"; };
		DDB9B3182979203100BA5E1B /* SceneDelegate.swift */ = {isa = PBXFileReference; lastKnownFileType = sourcecode.swift; path = SceneDelegate.swift; sourceTree = "<group>"; };
		DDB9B31A2979203100BA5E1B /* ViewController.swift */ = {isa = PBXFileReference; lastKnownFileType = sourcecode.swift; path = ViewController.swift; sourceTree = "<group>"; };
		DDB9B31D2979203100BA5E1B /* Base */ = {isa = PBXFileReference; lastKnownFileType = file.storyboard; name = Base; path = Base.lproj/Main.storyboard; sourceTree = "<group>"; };
		DDB9B31F2979203600BA5E1B /* Assets.xcassets */ = {isa = PBXFileReference; lastKnownFileType = folder.assetcatalog; path = Assets.xcassets; sourceTree = "<group>"; };
		DDB9B3222979203600BA5E1B /* Base */ = {isa = PBXFileReference; lastKnownFileType = file.storyboard; name = Base; path = Base.lproj/LaunchScreen.storyboard; sourceTree = "<group>"; };
		DDB9B3242979203600BA5E1B /* Info.plist */ = {isa = PBXFileReference; lastKnownFileType = text.plist.xml; path = Info.plist; sourceTree = "<group>"; };
		DDB9B32A297923F300BA5E1B /* soundE.wav */ = {isa = PBXFileReference; lastKnownFileType = audio.wav; name = soundE.wav; path = ../../../../../Downloads/Development/SoundProjectAngela/Sound/soundE.wav; sourceTree = "<group>"; };
		DDB9B32B297923F300BA5E1B /* soundB.wav */ = {isa = PBXFileReference; lastKnownFileType = audio.wav; name = soundB.wav; path = ../../../../../Downloads/Development/SoundProjectAngela/Sound/soundB.wav; sourceTree = "<group>"; };
		DDB9B32C297923F300BA5E1B /* soundF.wav */ = {isa = PBXFileReference; lastKnownFileType = audio.wav; name = soundF.wav; path = ../../../../../Downloads/Development/SoundProjectAngela/Sound/soundF.wav; sourceTree = "<group>"; };
		DDB9B32D297923F300BA5E1B /* soundC.wav */ = {isa = PBXFileReference; lastKnownFileType = audio.wav; name = soundC.wav; path = ../../../../../Downloads/Development/SoundProjectAngela/Sound/soundC.wav; sourceTree = "<group>"; };
		DDB9B32E297923F300BA5E1B /* soundD.wav */ = {isa = PBXFileReference; lastKnownFileType = audio.wav; name = soundD.wav; path = ../../../../../Downloads/Development/SoundProjectAngela/Sound/soundD.wav; sourceTree = "<group>"; };
		DDB9B32F297923F400BA5E1B /* soundA.wav */ = {isa = PBXFileReference; lastKnownFileType = audio.wav; name = soundA.wav; path = ../../../../../Downloads/Development/SoundProjectAngela/Sound/soundA.wav; sourceTree = "<group>"; };
		DDB9B330297923F400BA5E1B /* soundG.wav */ = {isa = PBXFileReference; lastKnownFileType = audio.wav; name = soundG.wav; path = ../../../../../Downloads/Development/SoundProjectAngela/Sound/soundG.wav; sourceTree = "<group>"; };
/* End PBXFileReference section */

/* Begin PBXFrameworksBuildPhase section */
		DDB9B3102979203100BA5E1B /* Frameworks */ = {
			isa = PBXFrameworksBuildPhase;
			buildActionMask = 2147483647;
			files = (
			);
			runOnlyForDeploymentPostprocessing = 0;
		};
/* End PBXFrameworksBuildPhase section */

/* Begin PBXGroup section */
		DDB9B30A2979203100BA5E1B = {
			isa = PBXGroup;
			children = (
				DDB9B3152979203100BA5E1B /* AngelaSoundProjectStoryboard */,
				DDB9B3142979203100BA5E1B /* Products */,
			);
			sourceTree = "<group>";
		};
		DDB9B3142979203100BA5E1B /* Products */ = {
			isa = PBXGroup;
			children = (
				DDB9B3132979203100BA5E1B /* AngelaSoundProjectStoryboard.app */,
			);
			name = Products;
			sourceTree = "<group>";
		};
		DDB9B3152979203100BA5E1B /* AngelaSoundProjectStoryboard */ = {
			isa = PBXGroup;
			children = (
				DDB9B3162979203100BA5E1B /* AppDelegate.swift */,
				DDB9B3182979203100BA5E1B /* SceneDelegate.swift */,
				DDB9B31A2979203100BA5E1B /* ViewController.swift */,
				DDB9B31C2979203100BA5E1B /* Main.storyboard */,
				DDB9B31F2979203600BA5E1B /* Assets.xcassets */,
				DDB9B3212979203600BA5E1B /* LaunchScreen.storyboard */,
				DDB9B3242979203600BA5E1B /* Info.plist */,
				DDB9B32F297923F400BA5E1B /* soundA.wav */,
				DDB9B32B297923F300BA5E1B /* soundB.wav */,
				DDB9B32D297923F300BA5E1B /* soundC.wav */,
				DDB9B32E297923F300BA5E1B /* soundD.wav */,
				DDB9B32A297923F300BA5E1B /* soundE.wav */,
				DDB9B32C297923F300BA5E1B /* soundF.wav */,
				DDB9B330297923F400BA5E1B /* soundG.wav */,
			);
			path = AngelaSoundProjectStoryboard;
			sourceTree = "<group>";
		};
/* End PBXGroup section */

/* Begin PBXNativeTarget section */
		DDB9B3122979203100BA5E1B /* AngelaSoundProjectStoryboard */ = {
			isa = PBXNativeTarget;
			buildConfigurationList = DDB9B3272979203600BA5E1B /* Build configuration list for PBXNativeTarget "AngelaSoundProjectStoryboard" */;
			buildPhases = (
				DDB9B30F2979203100BA5E1B /* Sources */,
				DDB9B3102979203100BA5E1B /* Frameworks */,
				DDB9B3112979203100BA5E1B /* Resources */,
			);
			buildRules = (
			);
			dependencies = (
			);
			name = AngelaSoundProjectStoryboard;
			productName = AngelaSoundProjectStoryboard;
			productReference = DDB9B3132979203100BA5E1B /* AngelaSoundProjectStoryboard.app */;
			productType = "com.apple.product-type.application";
		};
/* End PBXNativeTarget section */

/* Begin PBXProject section */
		DDB9B30B2979203100BA5E1B /* Project object */ = {
			isa = PBXProject;
			attributes = {
				BuildIndependentTargetsInParallel = 1;
				LastSwiftUpdateCheck = 1420;
				LastUpgradeCheck = 1420;
				TargetAttributes = {
					DDB9B3122979203100BA5E1B = {
						CreatedOnToolsVersion = 14.2;
					};
				};
			};
			buildConfigurationList = DDB9B30E2979203100BA5E1B /* Build configuration list for PBXProject "AngelaSoundProjectStoryboard" */;
			compatibilityVersion = "Xcode 14.0";
			developmentRegion = en;
			hasScannedForEncodings = 0;
			knownRegions = (
				en,
				Base,
			);
			mainGroup = DDB9B30A2979203100BA5E1B;
			productRefGroup = DDB9B3142979203100BA5E1B /* Products */;
			projectDirPath = "";
			projectRoot = "";
			targets = (
				DDB9B3122979203100BA5E1B /* AngelaSoundProjectStoryboard */,
			);
		};
/* End PBXProject section */

/* Begin PBXResourcesBuildPhase section */
		DDB9B3112979203100BA5E1B /* Resources */ = {
			isa = PBXResourcesBuildPhase;
			buildActionMask = 2147483647;
			files = (
				DDB9B3232979203600BA5E1B /* LaunchScreen.storyboard in Resources */,
				DDB9B3202979203600BA5E1B /* Assets.xcassets in Resources */,
				DDB9B333297923F400BA5E1B /* soundF.wav in Resources */,
				DDB9B332297923F400BA5E1B /* soundB.wav in Resources */,
				DDB9B334297923F400BA5E1B /* soundC.wav in Resources */,
				DDB9B31E2979203100BA5E1B /* Main.storyboard in Resources */,
				DDB9B335297923F400BA5E1B /* soundD.wav in Resources */,
				DDB9B337297923F400BA5E1B /* soundG.wav in Resources */,
				DDB9B336297923F400BA5E1B /* soundA.wav in Resources */,
				DDB9B331297923F400BA5E1B /* soundE.wav in Resources */,
			);
			runOnlyForDeploymentPostprocessing = 0;
		};
/* End PBXResourcesBuildPhase section */

/* Begin PBXSourcesBuildPhase section */
		DDB9B30F2979203100BA5E1B /* Sources */ = {
			isa = PBXSourcesBuildPhase;
			buildActionMask = 2147483647;
			files = (
				DDB9B31B2979203100BA5E1B /* ViewController.swift in Sources */,
				DDB9B3172979203100BA5E1B /* AppDelegate.swift in Sources */,
				DDB9B3192979203100BA5E1B /* SceneDelegate.swift in Sources */,
			);
			runOnlyForDeploymentPostprocessing = 0;
		};
/* End PBXSourcesBuildPhase section */

/* Begin PBXVariantGroup section */
		DDB9B31C2979203100BA5E1B /* Main.storyboard */ = {
			isa = PBXVariantGroup;
			children = (
				DDB9B31D2979203100BA5E1B /* Base */,
			);
			name = Main.storyboard;
			sourceTree = "<group>";
		};
		DDB9B3212979203600BA5E1B /* LaunchScreen.storyboard */ = {
			isa = PBXVariantGroup;
			children = (
				DDB9B3222979203600BA5E1B /* Base */,
			);
			name = LaunchScreen.storyboard;
			sourceTree = "<group>";
		};
/* End PBXVariantGroup section */

/* Begin XCBuildConfiguration section */
		DDB9B3252979203600BA5E1B /* Debug */ = {
			isa = XCBuildConfiguration;
			buildSettings = {
				ALWAYS_SEARCH_USER_PATHS = NO;
				CLANG_ANALYZER_NONNULL = YES;
				CLANG_ANALYZER_NUMBER_OBJECT_CONVERSION = YES_AGGRESSIVE;
				CLANG_CXX_LANGUAGE_STANDARD = "gnu++20";
				CLANG_ENABLE_MODULES = YES;
				CLANG_ENABLE_OBJC_ARC = YES;
				CLANG_ENABLE_OBJC_WEAK = YES;
				CLANG_WARN_BLOCK_CAPTURE_AUTORELEASING = YES;
				CLANG_WARN_BOOL_CONVERSION = YES;
				CLANG_WARN_COMMA = YES;
				CLANG_WARN_CONSTANT_CONVERSION = YES;
				CLANG_WARN_DEPRECATED_OBJC_IMPLEMENTATIONS = YES;
				CLANG_WARN_DIRECT_OBJC_ISA_USAGE = YES_ERROR;
				CLANG_WARN_DOCUMENTATION_COMMENTS = YES;
				CLANG_WARN_EMPTY_BODY = YES;
				CLANG_WARN_ENUM_CONVERSION = YES;
				CLANG_WARN_INFINITE_RECURSION = YES;
				CLANG_WARN_INT_CONVERSION = YES;
				CLANG_WARN_NON_LITERAL_NULL_CONVERSION = YES;
				CLANG_WARN_OBJC_IMPLICIT_RETAIN_SELF = YES;
				CLANG_WARN_OBJC_LITERAL_CONVERSION = YES;
				CLANG_WARN_OBJC_ROOT_CLASS = YES_ERROR;
				CLANG_WARN_QUOTED_INCLUDE_IN_FRAMEWORK_HEADER = YES;
				CLANG_WARN_RANGE_LOOP_ANALYSIS = YES;
				CLANG_WARN_STRICT_PROTOTYPES = YES;
				CLANG_WARN_SUSPICIOUS_MOVE = YES;
				CLANG_WARN_UNGUARDED_AVAILABILITY = YES_AGGRESSIVE;
				CLANG_WARN_UNREACHABLE_CODE = YES;
				CLANG_WARN__DUPLICATE_METHOD_MATCH = YES;
				COPY_PHASE_STRIP = NO;
				DEBUG_INFORMATION_FORMAT = dwarf;
				ENABLE_STRICT_OBJC_MSGSEND = YES;
				ENABLE_TESTABILITY = YES;
				GCC_C_LANGUAGE_STANDARD = gnu11;
				GCC_DYNAMIC_NO_PIC = NO;
				GCC_NO_COMMON_BLOCKS = YES;
				GCC_OPTIMIZATION_LEVEL = 0;
				GCC_PREPROCESSOR_DEFINITIONS = (
					"DEBUG=1",
					"$(inherited)",
				);
				GCC_WARN_64_TO_32_BIT_CONVERSION = YES;
				GCC_WARN_ABOUT_RETURN_TYPE = YES_ERROR;
				GCC_WARN_UNDECLARED_SELECTOR = YES;
				GCC_WARN_UNINITIALIZED_AUTOS = YES_AGGRESSIVE;
				GCC_WARN_UNUSED_FUNCTION = YES;
				GCC_WARN_UNUSED_VARIABLE = YES;
				IPHONEOS_DEPLOYMENT_TARGET = 16.2;
				MTL_ENABLE_DEBUG_INFO = INCLUDE_SOURCE;
				MTL_FAST_MATH = YES;
				ONLY_ACTIVE_ARCH = YES;
				SDKROOT = iphoneos;
				SWIFT_ACTIVE_COMPILATION_CONDITIONS = DEBUG;
				SWIFT_OPTIMIZATION_LEVEL = "-Onone";
			};
			name = Debug;
		};
		DDB9B3262979203600BA5E1B /* Release */ = {
			isa = XCBuildConfiguration;
			buildSettings = {
				ALWAYS_SEARCH_USER_PATHS = NO;
				CLANG_ANALYZER_NONNULL = YES;
				CLANG_ANALYZER_NUMBER_OBJECT_CONVERSION = YES_AGGRESSIVE;
				CLANG_CXX_LANGUAGE_STANDARD = "gnu++20";
				CLANG_ENABLE_MODULES = YES;
				CLANG_ENABLE_OBJC_ARC = YES;
				CLANG_ENABLE_OBJC_WEAK = YES;
				CLANG_WARN_BLOCK_CAPTURE_AUTORELEASING = YES;
				CLANG_WARN_BOOL_CONVERSION = YES;
				CLANG_WARN_COMMA = YES;
				CLANG_WARN_CONSTANT_CONVERSION = YES;
				CLANG_WARN_DEPRECATED_OBJC_IMPLEMENTATIONS = YES;
				CLANG_WARN_DIRECT_OBJC_ISA_USAGE = YES_ERROR;
				CLANG_WARN_DOCUMENTATION_COMMENTS = YES;
				CLANG_WARN_EMPTY_BODY = YES;
				CLANG_WARN_ENUM_CONVERSION = YES;
				CLANG_WARN_INFINITE_RECURSION = YES;
				CLANG_WARN_INT_CONVERSION = YES;
				CLANG_WARN_NON_LITERAL_NULL_CONVERSION = YES;
				CLANG_WARN_OBJC_IMPLICIT_RETAIN_SELF = YES;
				CLANG_WARN_OBJC_LITERAL_CONVERSION = YES;
				CLANG_WARN_OBJC_ROOT_CLASS = YES_ERROR;
				CLANG_WARN_QUOTED_INCLUDE_IN_FRAMEWORK_HEADER = YES;
				CLANG_WARN_RANGE_LOOP_ANALYSIS = YES;
				CLANG_WARN_STRICT_PROTOTYPES = YES;
				CLANG_WARN_SUSPICIOUS_MOVE = YES;
				CLANG_WARN_UNGUARDED_AVAILABILITY = YES_AGGRESSIVE;
				CLANG_WARN_UNREACHABLE_CODE = YES;
				CLANG_WARN__DUPLICATE_METHOD_MATCH = YES;
				COPY_PHASE_STRIP = NO;
				DEBUG_INFORMATION_FORMAT = "dwarf-with-dsym";
				ENABLE_NS_ASSERTIONS = NO;
				ENABLE_STRICT_OBJC_MSGSEND = YES;
				GCC_C_LANGUAGE_STANDARD = gnu11;
				GCC_NO_COMMON_BLOCKS = YES;
				GCC_WARN_64_TO_32_BIT_CONVERSION = YES;
				GCC_WARN_ABOUT_RETURN_TYPE = YES_ERROR;
				GCC_WARN_UNDECLARED_SELECTOR = YES;
				GCC_WARN_UNINITIALIZED_AUTOS = YES_AGGRESSIVE;
				GCC_WARN_UNUSED_FUNCTION = YES;
				GCC_WARN_UNUSED_VARIABLE = YES;
				IPHONEOS_DEPLOYMENT_TARGET = 16.2;
				MTL_ENABLE_DEBUG_INFO = NO;
				MTL_FAST_MATH = YES;
				SDKROOT = iphoneos;
				SWIFT_COMPILATION_MODE = wholemodule;
				SWIFT_OPTIMIZATION_LEVEL = "-O";
				VALIDATE_PRODUCT = YES;
			};
			name = Release;
		};
		DDB9B3282979203600BA5E1B /* Debug */ = {
			isa = XCBuildConfiguration;
			buildSettings = {
				ASSETCATALOG_COMPILER_APPICON_NAME = AppIcon;
				ASSETCATALOG_COMPILER_GLOBAL_ACCENT_COLOR_NAME = AccentColor;
				CODE_SIGN_STYLE = Automatic;
				CURRENT_PROJECT_VERSION = 1;
				DEVELOPMENT_TEAM = 7YW3V66545;
				GENERATE_INFOPLIST_FILE = YES;
				INFOPLIST_FILE = AngelaSoundProjectStoryboard/Info.plist;
				INFOPLIST_KEY_UIApplicationSupportsIndirectInputEvents = YES;
				INFOPLIST_KEY_UILaunchStoryboardName = LaunchScreen;
				INFOPLIST_KEY_UIMainStoryboardFile = Main;
				INFOPLIST_KEY_UISupportedInterfaceOrientations_iPad = "UIInterfaceOrientationPortrait UIInterfaceOrientationPortraitUpsideDown UIInterfaceOrientationLandscapeLeft UIInterfaceOrientationLandscapeRight";
				INFOPLIST_KEY_UISupportedInterfaceOrientations_iPhone = "UIInterfaceOrientationPortrait UIInterfaceOrientationLandscapeLeft UIInterfaceOrientationLandscapeRight";
				LD_RUNPATH_SEARCH_PATHS = (
					"$(inherited)",
					"@executable_path/Frameworks",
				);
				MARKETING_VERSION = 1.0;
				PRODUCT_BUNDLE_IDENTIFIER = HieroniusTeam.AngelaSoundProjectStoryboard;
				PRODUCT_NAME = "$(TARGET_NAME)";
				SWIFT_EMIT_LOC_STRINGS = YES;
				SWIFT_VERSION = 5.0;
				TARGETED_DEVICE_FAMILY = "1,2";
			};
			name = Debug;
		};
		DDB9B3292979203600BA5E1B /* Release */ = {
			isa = XCBuildConfiguration;
			buildSettings = {
				ASSETCATALOG_COMPILER_APPICON_NAME = AppIcon;
				ASSETCATALOG_COMPILER_GLOBAL_ACCENT_COLOR_NAME = AccentColor;
				CODE_SIGN_STYLE = Automatic;
				CURRENT_PROJECT_VERSION = 1;
				DEVELOPMENT_TEAM = 7YW3V66545;
				GENERATE_INFOPLIST_FILE = YES;
				INFOPLIST_FILE = AngelaSoundProjectStoryboard/Info.plist;
				INFOPLIST_KEY_UIApplicationSupportsIndirectInputEvents = YES;
				INFOPLIST_KEY_UILaunchStoryboardName = LaunchScreen;
				INFOPLIST_KEY_UIMainStoryboardFile = Main;
				INFOPLIST_KEY_UISupportedInterfaceOrientations_iPad = "UIInterfaceOrientationPortrait UIInterfaceOrientationPortraitUpsideDown UIInterfaceOrientationLandscapeLeft UIInterfaceOrientationLandscapeRight";
				INFOPLIST_KEY_UISupportedInterfaceOrientations_iPhone = "UIInterfaceOrientationPortrait UIInterfaceOrientationLandscapeLeft UIInterfaceOrientationLandscapeRight";
				LD_RUNPATH_SEARCH_PATHS = (
					"$(inherited)",
					"@executable_path/Frameworks",
				);
				MARKETING_VERSION = 1.0;
				PRODUCT_BUNDLE_IDENTIFIER = HieroniusTeam.AngelaSoundProjectStoryboard;
				PRODUCT_NAME = "$(TARGET_NAME)";
				SWIFT_EMIT_LOC_STRINGS = YES;
				SWIFT_VERSION = 5.0;
				TARGETED_DEVICE_FAMILY = "1,2";
			};
			name = Release;
		};
/* End XCBuildConfiguration section */

/* Begin XCConfigurationList section */
		DDB9B30E2979203100BA5E1B /* Build configuration list for PBXProject "AngelaSoundProjectStoryboard" */ = {
			isa = XCConfigurationList;
			buildConfigurations = (
				DDB9B3252979203600BA5E1B /* Debug */,
				DDB9B3262979203600BA5E1B /* Release */,
			);
			defaultConfigurationIsVisible = 0;
			defaultConfigurationName = Release;
		};
		DDB9B3272979203600BA5E1B /* Build configuration list for PBXNativeTarget "AngelaSoundProjectStoryboard" */ = {
			isa = XCConfigurationList;
			buildConfigurations = (
				DDB9B3282979203600BA5E1B /* Debug */,
				DDB9B3292979203600BA5E1B /* Release */,
			);
			defaultConfigurationIsVisible = 0;
			defaultConfigurationName = Release;
		};
/* End XCConfigurationList section */
	};
	rootObject = DDB9B30B2979203100BA5E1B /* Project object */;
}
